
Microsoft Visual Studio Solution File, Format Version 12.00
# Visual Studio 14
VisualStudioVersion = 14.0.25420.1
MinimumVisualStudioVersion = 10.0.40219.1
Project("{E24C65DC-7377-472B-9ABA-BC803B73C61A}") = "TimosWeb", ".", "{362867EC-4406-4877-95A9-7BDE79D6A101}"
	ProjectSection(WebsiteProperties) = preProject
		TargetFrameworkMoniker = ".NETFramework,Version%3Dv3.5"
		Debug.AspNetCompiler.VirtualPath = "/TimosWeb"
		Debug.AspNetCompiler.PhysicalPath = "..\TimosWeb\"
		Debug.AspNetCompiler.TargetPath = "PrecompiledWeb\TimosWeb\"
		Debug.AspNetCompiler.Updateable = "true"
		Debug.AspNetCompiler.ForceOverwrite = "true"
		Debug.AspNetCompiler.FixedNames = "false"
		Debug.AspNetCompiler.Debug = "True"
		Release.AspNetCompiler.VirtualPath = "/TimosWeb"
		Release.AspNetCompiler.PhysicalPath = "..\TimosWeb\"
		Release.AspNetCompiler.TargetPath = "PrecompiledWeb\TimosWeb\"
		Release.AspNetCompiler.Updateable = "true"
		Release.AspNetCompiler.ForceOverwrite = "true"
		Release.AspNetCompiler.FixedNames = "false"
		Release.AspNetCompiler.Debug = "False"
		VWDPort = "49496"
	EndProjectSection
EndProject
Global
	GlobalSection(SolutionConfigurationPlatforms) = preSolution
		Debug|Any CPU = Debug|Any CPU
		Release|Any CPU = Release|Any CPU
	EndGlobalSection
	GlobalSection(ProjectConfigurationPlatforms) = postSolution
		{362867EC-4406-4877-95A9-7BDE79D6A101}.Debug|Any CPU.ActiveCfg = Debug|Any CPU
		{362867EC-4406-4877-95A9-7BDE79D6A101}.Debug|Any CPU.Build.0 = Debug|Any CPU
		{362867EC-4406-4877-95A9-7BDE79D6A101}.Release|Any CPU.ActiveCfg = Debug|Any CPU
		{362867EC-4406-4877-95A9-7BDE79D6A101}.Release|Any CPU.Build.0 = Debug|Any CPU
	EndGlobalSection
	GlobalSection(SolutionProperties) = preSolution
		HideSolutionNode = FALSE
	EndGlobalSection
EndGlobal
