
Microsoft Visual Studio Solution File, Format Version 12.00
# Visual Studio 14
VisualStudioVersion = 14.0.25420.1
MinimumVisualStudioVersion = 10.0.40219.1
Project("{2150E333-8FDC-42A3-9474-1A3956D46DE8}") = "dep", "dep", "{DCDD488C-378E-4DB4-BBCA-C9E7280402D9}"
	ProjectSection(SolutionItems) = preProject
		lng\timos.mes = lng\timos.mes
		conf\timos.Remoting.config = conf\timos.Remoting.config
	EndProjectSection
EndProject
Project("{FAE04EC0-301F-11D3-BF4B-00C04F79EFBC}") = "timos", "timos\timos.csproj", "{1790979D-9778-48F8-93E1-058CC31E1CC0}"
EndProject
Project("{FAE04EC0-301F-11D3-BF4B-00C04F79EFBC}") = "TimosLauncher", "TimosLauncher\TimosLauncher.csproj", "{BBF15048-6F5E-4351-B169-D253664C56D6}"
EndProject
Project("{FAE04EC0-301F-11D3-BF4B-00C04F79EFBC}") = "TimosService", "TimosService\TimosService.csproj", "{3BACD82E-DE79-4212-8889-24980F310C1B}"
EndProject
Project("{FAE04EC0-301F-11D3-BF4B-00C04F79EFBC}") = "PasserelleTiag", "plugin\PasserelleTiag\PasserelleTiag.csproj", "{0BA11E37-71FA-4FB2-AE48-7C052694B395}"
EndProject
Project("{FAE04EC0-301F-11D3-BF4B-00C04F79EFBC}") = "HelpExtender", "HelpExtender2\HelpExtender.csproj", "{16FEF3BA-6D90-48BF-919A-8847256AED68}"
EndProject
Project("{FAE04EC0-301F-11D3-BF4B-00C04F79EFBC}") = "timos.win32.composants", "timos.win32.composants\timos.win32.composants.csproj", "{6F0B26F6-E1A6-4DA8-B169-CB0AF100D3DF}"
EndProject
Project("{FAE04EC0-301F-11D3-BF4B-00C04F79EFBC}") = "TimosProcess", "TimosProcess\TimosProcess.csproj", "{01D7DF64-FE5F-4F46-83A8-7878F91A5391}"
EndProject
Project("{FAE04EC0-301F-11D3-BF4B-00C04F79EFBC}") = "PurgeJournalisationEtPrevisionnel", "PurgeJournalisationEtPrevisionnelles\PurgeJournalisationEtPrevisionnel.csproj", "{AFE563A6-087A-4E5A-947C-0289C6EE85DB}"
EndProject
Project("{FAE04EC0-301F-11D3-BF4B-00C04F79EFBC}") = "TimosOrangePlugins", "TimosOrangePlugins\TimosOrangePlugins.csproj", "{A2F84146-76C0-4247-BFEE-9D6EC11A7239}"
EndProject
Project("{FAE04EC0-301F-11D3-BF4B-00C04F79EFBC}") = "TimosOrangePluginsWin32", "TimosOrangePluginsWin32\TimosOrangePluginsWin32.csproj", "{E526AF89-7566-46A5-8F63-BD17EC8C1728}"
EndProject
Project("{FAE04EC0-301F-11D3-BF4B-00C04F79EFBC}") = "timos.data", "timos.data\timos.data.csproj", "{52C5C360-E09E-4AAC-8B90-3AD4A906D20F}"
EndProject
Project("{FAE04EC0-301F-11D3-BF4B-00C04F79EFBC}") = "timos.data.serveur", "timos.data.serveur\timos.data.serveur.csproj", "{C72166F3-84D8-48BF-814A-4E0CF6574E34}"
EndProject
Project("{FAE04EC0-301F-11D3-BF4B-00C04F79EFBC}") = "timos.serveur", "timos.serveur\timos.serveur.csproj", "{8D66D30F-88DA-441A-ADC4-4E3483AB07D5}"
EndProject
Project("{FAE04EC0-301F-11D3-BF4B-00C04F79EFBC}") = "TimosDataServeur", "TimosDataServeur\TimosDataServeur.csproj", "{D14B217A-F92D-4D9C-BB7C-B06C8B3C7403}"
EndProject
Project("{FAE04EC0-301F-11D3-BF4B-00C04F79EFBC}") = "timos.client", "timos.client\timos.client.csproj", "{2F14D268-9349-4A75-95D0-3D989859837D}"
EndProject
Project("{FAE04EC0-301F-11D3-BF4B-00C04F79EFBC}") = "TimosAdmin", "TimosAdmin\TimosAdmin.csproj", "{23E25D97-65E5-4858-A622-5D7359CDA94A}"
EndProject
Project("{FAE04EC0-301F-11D3-BF4B-00C04F79EFBC}") = "futurocom.win32.snmp", "futurocom.win32.snmp\futurocom.win32.snmp.csproj", "{9B4E7AE6-D6AF-432B-B698-09CC9A819C5E}"
EndProject
Project("{FAE04EC0-301F-11D3-BF4B-00C04F79EFBC}") = "futurocom.supervision", "futurocom.supervision\futurocom.supervision.csproj", "{6B0B5E44-0BE9-4680-92D5-16D8AF4034A2}"
EndProject
Project("{FAE04EC0-301F-11D3-BF4B-00C04F79EFBC}") = "futurocom.snmp", "futurocom.snmp\futurocom.snmp.csproj", "{D40EACEE-48DA-4559-86D2-63BC6F89E821}"
EndProject
Project("{FAE04EC0-301F-11D3-BF4B-00C04F79EFBC}") = "CServiceMediationApp", "CServiceMediationApp\CServiceMediationApp.csproj", "{39EEC363-CE75-44AE-8D04-F67C2C57FD92}"
EndProject
Project("{FAE04EC0-301F-11D3-BF4B-00C04F79EFBC}") = "ServiceMediation", "ServiceMediation\ServiceMediation.csproj", "{325C45E1-D12F-4E1D-BE75-0B6ACE24C66A}"
EndProject
Project("{FAE04EC0-301F-11D3-BF4B-00C04F79EFBC}") = "futurocom.sig", "futurocom.sig\futurocom.sig.csproj", "{B80DAAA9-FC7E-4F41-A1DC-A147ACACE69B}"
EndProject
Project("{FAE04EC0-301F-11D3-BF4B-00C04F79EFBC}") = "futurocom.win32.sig", "futurocom.win32.sig\futurocom.win32.sig.csproj", "{38DE5923-5F1F-4FC3-BEE1-63A8A7A442AB}"
EndProject
Project("{FAE04EC0-301F-11D3-BF4B-00C04F79EFBC}") = "futurocom.sig.server", "futurocom.sig.server\futurocom.sig.server.csproj", "{BB9A84CE-7222-413E-AD12-7ACADA5B234E}"
EndProject
Project("{FAE04EC0-301F-11D3-BF4B-00C04F79EFBC}") = "ImportDocsMyanmar", "ImportDocsMyanmar\ImportDocsMyanmar.csproj", "{38D93712-F288-43FE-9BCE-1330014BDDAF}"
EndProject
Project("{2150E333-8FDC-42A3-9474-1A3956D46DE8}") = "Solution Items", "Solution Items", "{8E37DD59-4F20-4F46-9DC0-D0A154D21BEA}"
	ProjectSection(SolutionItems) = preProject
		Performance1.psess = Performance1.psess
	EndProjectSection
EndProject
Project("{FAE04EC0-301F-11D3-BF4B-00C04F79EFBC}") = "TimosAuthDatabase", "TimosAuthDatabase\TimosAuthDatabase.csproj", "{0D82D056-0534-4948-BAB3-4E6090B42C62}"
EndProject
Global
	GlobalSection(SolutionConfigurationPlatforms) = preSolution
		Debug avec doc|.NET = Debug avec doc|.NET
		Debug avec doc|Any CPU = Debug avec doc|Any CPU
		Debug avec doc|Mixed Platforms = Debug avec doc|Mixed Platforms
		Debug avec doc|x86 = Debug avec doc|x86
		Debug|.NET = Debug|.NET
		Debug|Any CPU = Debug|Any CPU
		Debug|Mixed Platforms = Debug|Mixed Platforms
		Debug|x86 = Debug|x86
		Release|.NET = Release|.NET
		Release|Any CPU = Release|Any CPU
		Release|Mixed Platforms = Release|Mixed Platforms
		Release|x86 = Release|x86
	EndGlobalSection
	GlobalSection(ProjectConfigurationPlatforms) = postSolution
		{1790979D-9778-48F8-93E1-058CC31E1CC0}.Debug avec doc|.NET.ActiveCfg = Debug avec doc|Any CPU
		{1790979D-9778-48F8-93E1-058CC31E1CC0}.Debug avec doc|Any CPU.ActiveCfg = Debug avec doc|Any CPU
		{1790979D-9778-48F8-93E1-058CC31E1CC0}.Debug avec doc|Any CPU.Build.0 = Debug avec doc|Any CPU
		{1790979D-9778-48F8-93E1-058CC31E1CC0}.Debug avec doc|Mixed Platforms.ActiveCfg = Release|Any CPU
		{1790979D-9778-48F8-93E1-058CC31E1CC0}.Debug avec doc|Mixed Platforms.Build.0 = Release|Any CPU
		{1790979D-9778-48F8-93E1-058CC31E1CC0}.Debug avec doc|x86.ActiveCfg = Debug avec doc|x86
		{1790979D-9778-48F8-93E1-058CC31E1CC0}.Debug avec doc|x86.Build.0 = Debug avec doc|x86
		{1790979D-9778-48F8-93E1-058CC31E1CC0}.Debug|.NET.ActiveCfg = Debug|Any CPU
		{1790979D-9778-48F8-93E1-058CC31E1CC0}.Debug|Any CPU.ActiveCfg = Debug|Any CPU
		{1790979D-9778-48F8-93E1-058CC31E1CC0}.Debug|Any CPU.Build.0 = Debug|Any CPU
		{1790979D-9778-48F8-93E1-058CC31E1CC0}.Debug|Mixed Platforms.ActiveCfg = Debug|Any CPU
		{1790979D-9778-48F8-93E1-058CC31E1CC0}.Debug|Mixed Platforms.Build.0 = Debug|Any CPU
		{1790979D-9778-48F8-93E1-058CC31E1CC0}.Debug|x86.ActiveCfg = Debug|x86
		{1790979D-9778-48F8-93E1-058CC31E1CC0}.Debug|x86.Build.0 = Debug|x86
		{1790979D-9778-48F8-93E1-058CC31E1CC0}.Release|.NET.ActiveCfg = Release|Any CPU
		{1790979D-9778-48F8-93E1-058CC31E1CC0}.Release|Any CPU.ActiveCfg = Release|Any CPU
		{1790979D-9778-48F8-93E1-058CC31E1CC0}.Release|Any CPU.Build.0 = Release|Any CPU
		{1790979D-9778-48F8-93E1-058CC31E1CC0}.Release|Mixed Platforms.ActiveCfg = Release|Any CPU
		{1790979D-9778-48F8-93E1-058CC31E1CC0}.Release|Mixed Platforms.Build.0 = Release|Any CPU
		{1790979D-9778-48F8-93E1-058CC31E1CC0}.Release|x86.ActiveCfg = Release|x86
		{1790979D-9778-48F8-93E1-058CC31E1CC0}.Release|x86.Build.0 = Release|x86
		{BBF15048-6F5E-4351-B169-D253664C56D6}.Debug avec doc|.NET.ActiveCfg = Debug|Any CPU
		{BBF15048-6F5E-4351-B169-D253664C56D6}.Debug avec doc|Any CPU.ActiveCfg = Debug|Any CPU
		{BBF15048-6F5E-4351-B169-D253664C56D6}.Debug avec doc|Mixed Platforms.ActiveCfg = Release|Any CPU
		{BBF15048-6F5E-4351-B169-D253664C56D6}.Debug avec doc|x86.ActiveCfg = Debug|x86
		{BBF15048-6F5E-4351-B169-D253664C56D6}.Debug avec doc|x86.Build.0 = Debug|x86
		{BBF15048-6F5E-4351-B169-D253664C56D6}.Debug|.NET.ActiveCfg = Debug|Any CPU
		{BBF15048-6F5E-4351-B169-D253664C56D6}.Debug|Any CPU.ActiveCfg = Debug|Any CPU
		{BBF15048-6F5E-4351-B169-D253664C56D6}.Debug|Any CPU.Build.0 = Debug|Any CPU
		{BBF15048-6F5E-4351-B169-D253664C56D6}.Debug|Mixed Platforms.ActiveCfg = Debug|Any CPU
		{BBF15048-6F5E-4351-B169-D253664C56D6}.Debug|x86.ActiveCfg = Debug|x86
		{BBF15048-6F5E-4351-B169-D253664C56D6}.Release|.NET.ActiveCfg = Release|Any CPU
		{BBF15048-6F5E-4351-B169-D253664C56D6}.Release|Any CPU.ActiveCfg = Release|Any CPU
		{BBF15048-6F5E-4351-B169-D253664C56D6}.Release|Any CPU.Build.0 = Release|Any CPU
		{BBF15048-6F5E-4351-B169-D253664C56D6}.Release|Mixed Platforms.ActiveCfg = Release|Any CPU
		{BBF15048-6F5E-4351-B169-D253664C56D6}.Release|Mixed Platforms.Build.0 = Release|Any CPU
		{BBF15048-6F5E-4351-B169-D253664C56D6}.Release|x86.ActiveCfg = Release|x86
		{BBF15048-6F5E-4351-B169-D253664C56D6}.Release|x86.Build.0 = Release|x86
		{3BACD82E-DE79-4212-8889-24980F310C1B}.Debug avec doc|.NET.ActiveCfg = Debug|Any CPU
		{3BACD82E-DE79-4212-8889-24980F310C1B}.Debug avec doc|Any CPU.ActiveCfg = Debug|Any CPU
		{3BACD82E-DE79-4212-8889-24980F310C1B}.Debug avec doc|Mixed Platforms.ActiveCfg = Release|Any CPU
		{3BACD82E-DE79-4212-8889-24980F310C1B}.Debug avec doc|x86.ActiveCfg = Debug|x86
		{3BACD82E-DE79-4212-8889-24980F310C1B}.Debug avec doc|x86.Build.0 = Debug|x86
		{3BACD82E-DE79-4212-8889-24980F310C1B}.Debug|.NET.ActiveCfg = Debug|Any CPU
		{3BACD82E-DE79-4212-8889-24980F310C1B}.Debug|Any CPU.ActiveCfg = Debug|Any CPU
		{3BACD82E-DE79-4212-8889-24980F310C1B}.Debug|Any CPU.Build.0 = Debug|Any CPU
		{3BACD82E-DE79-4212-8889-24980F310C1B}.Debug|Mixed Platforms.ActiveCfg = Debug|Any CPU
		{3BACD82E-DE79-4212-8889-24980F310C1B}.Debug|Mixed Platforms.Build.0 = Debug|Any CPU
		{3BACD82E-DE79-4212-8889-24980F310C1B}.Debug|x86.ActiveCfg = Debug|x86
		{3BACD82E-DE79-4212-8889-24980F310C1B}.Debug|x86.Build.0 = Debug|x86
		{3BACD82E-DE79-4212-8889-24980F310C1B}.Release|.NET.ActiveCfg = Release|Any CPU
		{3BACD82E-DE79-4212-8889-24980F310C1B}.Release|Any CPU.ActiveCfg = Release|Any CPU
		{3BACD82E-DE79-4212-8889-24980F310C1B}.Release|Any CPU.Build.0 = Release|Any CPU
		{3BACD82E-DE79-4212-8889-24980F310C1B}.Release|Mixed Platforms.ActiveCfg = Release|Any CPU
		{3BACD82E-DE79-4212-8889-24980F310C1B}.Release|Mixed Platforms.Build.0 = Release|Any CPU
		{3BACD82E-DE79-4212-8889-24980F310C1B}.Release|x86.ActiveCfg = Release|x86
		{3BACD82E-DE79-4212-8889-24980F310C1B}.Release|x86.Build.0 = Release|x86
		{0BA11E37-71FA-4FB2-AE48-7C052694B395}.Debug avec doc|.NET.ActiveCfg = Debug|Any CPU
		{0BA11E37-71FA-4FB2-AE48-7C052694B395}.Debug avec doc|Any CPU.ActiveCfg = Debug|Any CPU
		{0BA11E37-71FA-4FB2-AE48-7C052694B395}.Debug avec doc|Any CPU.Build.0 = Debug|Any CPU
		{0BA11E37-71FA-4FB2-AE48-7C052694B395}.Debug avec doc|Mixed Platforms.ActiveCfg = Release|Any CPU
		{0BA11E37-71FA-4FB2-AE48-7C052694B395}.Debug avec doc|Mixed Platforms.Build.0 = Release|Any CPU
		{0BA11E37-71FA-4FB2-AE48-7C052694B395}.Debug avec doc|x86.ActiveCfg = Debug|x86
		{0BA11E37-71FA-4FB2-AE48-7C052694B395}.Debug avec doc|x86.Build.0 = Debug|x86
		{0BA11E37-71FA-4FB2-AE48-7C052694B395}.Debug|.NET.ActiveCfg = Debug|Any CPU
		{0BA11E37-71FA-4FB2-AE48-7C052694B395}.Debug|Any CPU.ActiveCfg = Debug|Any CPU
		{0BA11E37-71FA-4FB2-AE48-7C052694B395}.Debug|Any CPU.Build.0 = Debug|Any CPU
		{0BA11E37-71FA-4FB2-AE48-7C052694B395}.Debug|Mixed Platforms.ActiveCfg = Debug|Any CPU
		{0BA11E37-71FA-4FB2-AE48-7C052694B395}.Debug|Mixed Platforms.Build.0 = Debug|Any CPU
		{0BA11E37-71FA-4FB2-AE48-7C052694B395}.Debug|x86.ActiveCfg = Debug|x86
		{0BA11E37-71FA-4FB2-AE48-7C052694B395}.Debug|x86.Build.0 = Debug|x86
		{0BA11E37-71FA-4FB2-AE48-7C052694B395}.Release|.NET.ActiveCfg = Release|Any CPU
		{0BA11E37-71FA-4FB2-AE48-7C052694B395}.Release|Any CPU.ActiveCfg = Release|Any CPU
		{0BA11E37-71FA-4FB2-AE48-7C052694B395}.Release|Any CPU.Build.0 = Release|Any CPU
		{0BA11E37-71FA-4FB2-AE48-7C052694B395}.Release|Mixed Platforms.ActiveCfg = Release|Any CPU
		{0BA11E37-71FA-4FB2-AE48-7C052694B395}.Release|Mixed Platforms.Build.0 = Release|Any CPU
		{0BA11E37-71FA-4FB2-AE48-7C052694B395}.Release|x86.ActiveCfg = Release|x86
		{0BA11E37-71FA-4FB2-AE48-7C052694B395}.Release|x86.Build.0 = Release|x86
		{16FEF3BA-6D90-48BF-919A-8847256AED68}.Debug avec doc|.NET.ActiveCfg = Debug|Any CPU
		{16FEF3BA-6D90-48BF-919A-8847256AED68}.Debug avec doc|Any CPU.ActiveCfg = Debug|Any CPU
		{16FEF3BA-6D90-48BF-919A-8847256AED68}.Debug avec doc|Any CPU.Build.0 = Debug|Any CPU
		{16FEF3BA-6D90-48BF-919A-8847256AED68}.Debug avec doc|Mixed Platforms.ActiveCfg = Debug|Any CPU
		{16FEF3BA-6D90-48BF-919A-8847256AED68}.Debug avec doc|Mixed Platforms.Build.0 = Debug|Any CPU
		{16FEF3BA-6D90-48BF-919A-8847256AED68}.Debug avec doc|x86.ActiveCfg = Debug|x86
		{16FEF3BA-6D90-48BF-919A-8847256AED68}.Debug avec doc|x86.Build.0 = Debug|x86
		{16FEF3BA-6D90-48BF-919A-8847256AED68}.Debug|.NET.ActiveCfg = Debug|Any CPU
		{16FEF3BA-6D90-48BF-919A-8847256AED68}.Debug|Any CPU.ActiveCfg = Debug|Any CPU
		{16FEF3BA-6D90-48BF-919A-8847256AED68}.Debug|Any CPU.Build.0 = Debug|Any CPU
		{16FEF3BA-6D90-48BF-919A-8847256AED68}.Debug|Mixed Platforms.ActiveCfg = Debug|Any CPU
		{16FEF3BA-6D90-48BF-919A-8847256AED68}.Debug|Mixed Platforms.Build.0 = Debug|Any CPU
		{16FEF3BA-6D90-48BF-919A-8847256AED68}.Debug|x86.ActiveCfg = Debug|x86
		{16FEF3BA-6D90-48BF-919A-8847256AED68}.Debug|x86.Build.0 = Debug|x86
		{16FEF3BA-6D90-48BF-919A-8847256AED68}.Release|.NET.ActiveCfg = Release|Any CPU
		{16FEF3BA-6D90-48BF-919A-8847256AED68}.Release|Any CPU.ActiveCfg = Release|Any CPU
		{16FEF3BA-6D90-48BF-919A-8847256AED68}.Release|Any CPU.Build.0 = Release|Any CPU
		{16FEF3BA-6D90-48BF-919A-8847256AED68}.Release|Mixed Platforms.ActiveCfg = Release|Any CPU
		{16FEF3BA-6D90-48BF-919A-8847256AED68}.Release|Mixed Platforms.Build.0 = Release|Any CPU
		{16FEF3BA-6D90-48BF-919A-8847256AED68}.Release|x86.ActiveCfg = Release|x86
		{16FEF3BA-6D90-48BF-919A-8847256AED68}.Release|x86.Build.0 = Release|x86
		{6F0B26F6-E1A6-4DA8-B169-CB0AF100D3DF}.Debug avec doc|.NET.ActiveCfg = Debug avec doc|Any CPU
		{6F0B26F6-E1A6-4DA8-B169-CB0AF100D3DF}.Debug avec doc|Any CPU.ActiveCfg = Debug avec doc|Any CPU
		{6F0B26F6-E1A6-4DA8-B169-CB0AF100D3DF}.Debug avec doc|Any CPU.Build.0 = Debug avec doc|Any CPU
		{6F0B26F6-E1A6-4DA8-B169-CB0AF100D3DF}.Debug avec doc|Mixed Platforms.ActiveCfg = Debug avec doc|Any CPU
		{6F0B26F6-E1A6-4DA8-B169-CB0AF100D3DF}.Debug avec doc|Mixed Platforms.Build.0 = Debug avec doc|Any CPU
		{6F0B26F6-E1A6-4DA8-B169-CB0AF100D3DF}.Debug avec doc|x86.ActiveCfg = Debug avec doc|x86
		{6F0B26F6-E1A6-4DA8-B169-CB0AF100D3DF}.Debug avec doc|x86.Build.0 = Debug avec doc|x86
		{6F0B26F6-E1A6-4DA8-B169-CB0AF100D3DF}.Debug|.NET.ActiveCfg = Debug|Any CPU
		{6F0B26F6-E1A6-4DA8-B169-CB0AF100D3DF}.Debug|Any CPU.ActiveCfg = Debug|Any CPU
		{6F0B26F6-E1A6-4DA8-B169-CB0AF100D3DF}.Debug|Any CPU.Build.0 = Debug|Any CPU
		{6F0B26F6-E1A6-4DA8-B169-CB0AF100D3DF}.Debug|Mixed Platforms.ActiveCfg = Debug|Any CPU
		{6F0B26F6-E1A6-4DA8-B169-CB0AF100D3DF}.Debug|Mixed Platforms.Build.0 = Debug|Any CPU
		{6F0B26F6-E1A6-4DA8-B169-CB0AF100D3DF}.Debug|x86.ActiveCfg = Debug|x86
		{6F0B26F6-E1A6-4DA8-B169-CB0AF100D3DF}.Debug|x86.Build.0 = Debug|x86
		{6F0B26F6-E1A6-4DA8-B169-CB0AF100D3DF}.Release|.NET.ActiveCfg = Release|Any CPU
		{6F0B26F6-E1A6-4DA8-B169-CB0AF100D3DF}.Release|Any CPU.ActiveCfg = Release|Any CPU
		{6F0B26F6-E1A6-4DA8-B169-CB0AF100D3DF}.Release|Any CPU.Build.0 = Release|Any CPU
		{6F0B26F6-E1A6-4DA8-B169-CB0AF100D3DF}.Release|Mixed Platforms.ActiveCfg = Release|Any CPU
		{6F0B26F6-E1A6-4DA8-B169-CB0AF100D3DF}.Release|Mixed Platforms.Build.0 = Release|Any CPU
		{6F0B26F6-E1A6-4DA8-B169-CB0AF100D3DF}.Release|x86.ActiveCfg = Release|x86
		{6F0B26F6-E1A6-4DA8-B169-CB0AF100D3DF}.Release|x86.Build.0 = Release|x86
		{01D7DF64-FE5F-4F46-83A8-7878F91A5391}.Debug avec doc|.NET.ActiveCfg = Debug|Any CPU
		{01D7DF64-FE5F-4F46-83A8-7878F91A5391}.Debug avec doc|Any CPU.ActiveCfg = Debug|Any CPU
		{01D7DF64-FE5F-4F46-83A8-7878F91A5391}.Debug avec doc|Any CPU.Build.0 = Debug|Any CPU
		{01D7DF64-FE5F-4F46-83A8-7878F91A5391}.Debug avec doc|Mixed Platforms.ActiveCfg = Debug|Any CPU
		{01D7DF64-FE5F-4F46-83A8-7878F91A5391}.Debug avec doc|Mixed Platforms.Build.0 = Debug|Any CPU
		{01D7DF64-FE5F-4F46-83A8-7878F91A5391}.Debug avec doc|x86.ActiveCfg = Debug|x86
		{01D7DF64-FE5F-4F46-83A8-7878F91A5391}.Debug avec doc|x86.Build.0 = Debug|x86
		{01D7DF64-FE5F-4F46-83A8-7878F91A5391}.Debug|.NET.ActiveCfg = Debug|Any CPU
		{01D7DF64-FE5F-4F46-83A8-7878F91A5391}.Debug|Any CPU.ActiveCfg = Debug|Any CPU
		{01D7DF64-FE5F-4F46-83A8-7878F91A5391}.Debug|Any CPU.Build.0 = Debug|Any CPU
		{01D7DF64-FE5F-4F46-83A8-7878F91A5391}.Debug|Mixed Platforms.ActiveCfg = Debug|Any CPU
		{01D7DF64-FE5F-4F46-83A8-7878F91A5391}.Debug|Mixed Platforms.Build.0 = Debug|Any CPU
		{01D7DF64-FE5F-4F46-83A8-7878F91A5391}.Debug|x86.ActiveCfg = Debug|x86
		{01D7DF64-FE5F-4F46-83A8-7878F91A5391}.Debug|x86.Build.0 = Debug|x86
		{01D7DF64-FE5F-4F46-83A8-7878F91A5391}.Release|.NET.ActiveCfg = Release|Any CPU
		{01D7DF64-FE5F-4F46-83A8-7878F91A5391}.Release|Any CPU.ActiveCfg = Release|Any CPU
		{01D7DF64-FE5F-4F46-83A8-7878F91A5391}.Release|Any CPU.Build.0 = Release|Any CPU
		{01D7DF64-FE5F-4F46-83A8-7878F91A5391}.Release|Mixed Platforms.ActiveCfg = Release|Any CPU
		{01D7DF64-FE5F-4F46-83A8-7878F91A5391}.Release|Mixed Platforms.Build.0 = Release|Any CPU
		{01D7DF64-FE5F-4F46-83A8-7878F91A5391}.Release|x86.ActiveCfg = Release|x86
		{01D7DF64-FE5F-4F46-83A8-7878F91A5391}.Release|x86.Build.0 = Release|x86
		{AFE563A6-087A-4E5A-947C-0289C6EE85DB}.Debug avec doc|.NET.ActiveCfg = Debug|Any CPU
		{AFE563A6-087A-4E5A-947C-0289C6EE85DB}.Debug avec doc|Any CPU.ActiveCfg = Debug|Any CPU
		{AFE563A6-087A-4E5A-947C-0289C6EE85DB}.Debug avec doc|Any CPU.Build.0 = Debug|Any CPU
		{AFE563A6-087A-4E5A-947C-0289C6EE85DB}.Debug avec doc|Mixed Platforms.ActiveCfg = Debug|Any CPU
		{AFE563A6-087A-4E5A-947C-0289C6EE85DB}.Debug avec doc|Mixed Platforms.Build.0 = Debug|Any CPU
		{AFE563A6-087A-4E5A-947C-0289C6EE85DB}.Debug avec doc|x86.ActiveCfg = Debug|x86
		{AFE563A6-087A-4E5A-947C-0289C6EE85DB}.Debug avec doc|x86.Build.0 = Debug|x86
		{AFE563A6-087A-4E5A-947C-0289C6EE85DB}.Debug|.NET.ActiveCfg = Debug|Any CPU
		{AFE563A6-087A-4E5A-947C-0289C6EE85DB}.Debug|Any CPU.ActiveCfg = Debug|Any CPU
		{AFE563A6-087A-4E5A-947C-0289C6EE85DB}.Debug|Any CPU.Build.0 = Debug|Any CPU
		{AFE563A6-087A-4E5A-947C-0289C6EE85DB}.Debug|Mixed Platforms.ActiveCfg = Debug|Any CPU
		{AFE563A6-087A-4E5A-947C-0289C6EE85DB}.Debug|Mixed Platforms.Build.0 = Debug|Any CPU
		{AFE563A6-087A-4E5A-947C-0289C6EE85DB}.Debug|x86.ActiveCfg = Debug|x86
		{AFE563A6-087A-4E5A-947C-0289C6EE85DB}.Debug|x86.Build.0 = Debug|x86
		{AFE563A6-087A-4E5A-947C-0289C6EE85DB}.Release|.NET.ActiveCfg = Release|Any CPU
		{AFE563A6-087A-4E5A-947C-0289C6EE85DB}.Release|Any CPU.ActiveCfg = Release|Any CPU
		{AFE563A6-087A-4E5A-947C-0289C6EE85DB}.Release|Any CPU.Build.0 = Release|Any CPU
		{AFE563A6-087A-4E5A-947C-0289C6EE85DB}.Release|Mixed Platforms.ActiveCfg = Release|Any CPU
		{AFE563A6-087A-4E5A-947C-0289C6EE85DB}.Release|Mixed Platforms.Build.0 = Release|Any CPU
		{AFE563A6-087A-4E5A-947C-0289C6EE85DB}.Release|x86.ActiveCfg = Release|x86
		{AFE563A6-087A-4E5A-947C-0289C6EE85DB}.Release|x86.Build.0 = Release|x86
		{A2F84146-76C0-4247-BFEE-9D6EC11A7239}.Debug avec doc|.NET.ActiveCfg = Debug|Any CPU
		{A2F84146-76C0-4247-BFEE-9D6EC11A7239}.Debug avec doc|Any CPU.ActiveCfg = Debug|Any CPU
		{A2F84146-76C0-4247-BFEE-9D6EC11A7239}.Debug avec doc|Any CPU.Build.0 = Debug|Any CPU
		{A2F84146-76C0-4247-BFEE-9D6EC11A7239}.Debug avec doc|Mixed Platforms.ActiveCfg = Debug|Any CPU
		{A2F84146-76C0-4247-BFEE-9D6EC11A7239}.Debug avec doc|Mixed Platforms.Build.0 = Debug|Any CPU
		{A2F84146-76C0-4247-BFEE-9D6EC11A7239}.Debug avec doc|x86.ActiveCfg = Debug|Any CPU
		{A2F84146-76C0-4247-BFEE-9D6EC11A7239}.Debug|.NET.ActiveCfg = Debug|Any CPU
		{A2F84146-76C0-4247-BFEE-9D6EC11A7239}.Debug|Any CPU.ActiveCfg = Debug|Any CPU
		{A2F84146-76C0-4247-BFEE-9D6EC11A7239}.Debug|Mixed Platforms.ActiveCfg = Debug|Any CPU
		{A2F84146-76C0-4247-BFEE-9D6EC11A7239}.Debug|x86.ActiveCfg = Debug|Any CPU
		{A2F84146-76C0-4247-BFEE-9D6EC11A7239}.Release|.NET.ActiveCfg = Release|Any CPU
		{A2F84146-76C0-4247-BFEE-9D6EC11A7239}.Release|Any CPU.ActiveCfg = Release|Any CPU
		{A2F84146-76C0-4247-BFEE-9D6EC11A7239}.Release|Mixed Platforms.ActiveCfg = Release|Any CPU
		{A2F84146-76C0-4247-BFEE-9D6EC11A7239}.Release|Mixed Platforms.Build.0 = Release|Any CPU
		{A2F84146-76C0-4247-BFEE-9D6EC11A7239}.Release|x86.ActiveCfg = Release|Any CPU
		{E526AF89-7566-46A5-8F63-BD17EC8C1728}.Debug avec doc|.NET.ActiveCfg = Debug|Any CPU
		{E526AF89-7566-46A5-8F63-BD17EC8C1728}.Debug avec doc|Any CPU.ActiveCfg = Debug|Any CPU
		{E526AF89-7566-46A5-8F63-BD17EC8C1728}.Debug avec doc|Any CPU.Build.0 = Debug|Any CPU
		{E526AF89-7566-46A5-8F63-BD17EC8C1728}.Debug avec doc|Mixed Platforms.ActiveCfg = Debug|Any CPU
		{E526AF89-7566-46A5-8F63-BD17EC8C1728}.Debug avec doc|Mixed Platforms.Build.0 = Debug|Any CPU
		{E526AF89-7566-46A5-8F63-BD17EC8C1728}.Debug avec doc|x86.ActiveCfg = Debug|Any CPU
		{E526AF89-7566-46A5-8F63-BD17EC8C1728}.Debug|.NET.ActiveCfg = Debug|Any CPU
		{E526AF89-7566-46A5-8F63-BD17EC8C1728}.Debug|Any CPU.ActiveCfg = Debug|Any CPU
		{E526AF89-7566-46A5-8F63-BD17EC8C1728}.Debug|Mixed Platforms.ActiveCfg = Debug|Any CPU
		{E526AF89-7566-46A5-8F63-BD17EC8C1728}.Debug|x86.ActiveCfg = Debug|Any CPU
		{E526AF89-7566-46A5-8F63-BD17EC8C1728}.Release|.NET.ActiveCfg = Release|Any CPU
		{E526AF89-7566-46A5-8F63-BD17EC8C1728}.Release|Any CPU.ActiveCfg = Release|Any CPU
		{E526AF89-7566-46A5-8F63-BD17EC8C1728}.Release|Mixed Platforms.ActiveCfg = Release|Any CPU
		{E526AF89-7566-46A5-8F63-BD17EC8C1728}.Release|Mixed Platforms.Build.0 = Release|Any CPU
		{E526AF89-7566-46A5-8F63-BD17EC8C1728}.Release|x86.ActiveCfg = Release|Any CPU
		{52C5C360-E09E-4AAC-8B90-3AD4A906D20F}.Debug avec doc|.NET.ActiveCfg = Debug avec doc|x86
		{52C5C360-E09E-4AAC-8B90-3AD4A906D20F}.Debug avec doc|Any CPU.ActiveCfg = Debug avec doc|Any CPU
		{52C5C360-E09E-4AAC-8B90-3AD4A906D20F}.Debug avec doc|Any CPU.Build.0 = Debug avec doc|Any CPU
		{52C5C360-E09E-4AAC-8B90-3AD4A906D20F}.Debug avec doc|Mixed Platforms.ActiveCfg = Debug avec doc|x86
		{52C5C360-E09E-4AAC-8B90-3AD4A906D20F}.Debug avec doc|Mixed Platforms.Build.0 = Debug avec doc|x86
		{52C5C360-E09E-4AAC-8B90-3AD4A906D20F}.Debug avec doc|x86.ActiveCfg = Debug avec doc|x86
		{52C5C360-E09E-4AAC-8B90-3AD4A906D20F}.Debug avec doc|x86.Build.0 = Debug avec doc|x86
		{52C5C360-E09E-4AAC-8B90-3AD4A906D20F}.Debug|.NET.ActiveCfg = Debug|x86
		{52C5C360-E09E-4AAC-8B90-3AD4A906D20F}.Debug|Any CPU.ActiveCfg = Debug|Any CPU
		{52C5C360-E09E-4AAC-8B90-3AD4A906D20F}.Debug|Any CPU.Build.0 = Debug|Any CPU
		{52C5C360-E09E-4AAC-8B90-3AD4A906D20F}.Debug|Mixed Platforms.ActiveCfg = Debug|Any CPU
		{52C5C360-E09E-4AAC-8B90-3AD4A906D20F}.Debug|Mixed Platforms.Build.0 = Debug|Any CPU
		{52C5C360-E09E-4AAC-8B90-3AD4A906D20F}.Debug|x86.ActiveCfg = Debug|x86
		{52C5C360-E09E-4AAC-8B90-3AD4A906D20F}.Debug|x86.Build.0 = Debug|x86
		{52C5C360-E09E-4AAC-8B90-3AD4A906D20F}.Release|.NET.ActiveCfg = Release|x86
		{52C5C360-E09E-4AAC-8B90-3AD4A906D20F}.Release|Any CPU.ActiveCfg = Release|Any CPU
		{52C5C360-E09E-4AAC-8B90-3AD4A906D20F}.Release|Any CPU.Build.0 = Release|Any CPU
		{52C5C360-E09E-4AAC-8B90-3AD4A906D20F}.Release|Mixed Platforms.ActiveCfg = Release|x86
		{52C5C360-E09E-4AAC-8B90-3AD4A906D20F}.Release|Mixed Platforms.Build.0 = Release|x86
		{52C5C360-E09E-4AAC-8B90-3AD4A906D20F}.Release|x86.ActiveCfg = Release|x86
		{52C5C360-E09E-4AAC-8B90-3AD4A906D20F}.Release|x86.Build.0 = Release|x86
		{C72166F3-84D8-48BF-814A-4E0CF6574E34}.Debug avec doc|.NET.ActiveCfg = Debug avec doc|x86
		{C72166F3-84D8-48BF-814A-4E0CF6574E34}.Debug avec doc|Any CPU.ActiveCfg = Debug avec doc|Any CPU
		{C72166F3-84D8-48BF-814A-4E0CF6574E34}.Debug avec doc|Any CPU.Build.0 = Debug avec doc|Any CPU
		{C72166F3-84D8-48BF-814A-4E0CF6574E34}.Debug avec doc|Mixed Platforms.ActiveCfg = Debug avec doc|x86
		{C72166F3-84D8-48BF-814A-4E0CF6574E34}.Debug avec doc|Mixed Platforms.Build.0 = Debug avec doc|x86
		{C72166F3-84D8-48BF-814A-4E0CF6574E34}.Debug avec doc|x86.ActiveCfg = Debug avec doc|x86
		{C72166F3-84D8-48BF-814A-4E0CF6574E34}.Debug avec doc|x86.Build.0 = Debug avec doc|x86
		{C72166F3-84D8-48BF-814A-4E0CF6574E34}.Debug|.NET.ActiveCfg = Debug|x86
		{C72166F3-84D8-48BF-814A-4E0CF6574E34}.Debug|Any CPU.ActiveCfg = Debug|Any CPU
		{C72166F3-84D8-48BF-814A-4E0CF6574E34}.Debug|Any CPU.Build.0 = Debug|Any CPU
		{C72166F3-84D8-48BF-814A-4E0CF6574E34}.Debug|Mixed Platforms.ActiveCfg = Debug|Any CPU
		{C72166F3-84D8-48BF-814A-4E0CF6574E34}.Debug|Mixed Platforms.Build.0 = Debug|Any CPU
		{C72166F3-84D8-48BF-814A-4E0CF6574E34}.Debug|x86.ActiveCfg = Debug|x86
		{C72166F3-84D8-48BF-814A-4E0CF6574E34}.Debug|x86.Build.0 = Debug|x86
		{C72166F3-84D8-48BF-814A-4E0CF6574E34}.Release|.NET.ActiveCfg = Release|x86
		{C72166F3-84D8-48BF-814A-4E0CF6574E34}.Release|Any CPU.ActiveCfg = Release|Any CPU
		{C72166F3-84D8-48BF-814A-4E0CF6574E34}.Release|Any CPU.Build.0 = Release|Any CPU
		{C72166F3-84D8-48BF-814A-4E0CF6574E34}.Release|Mixed Platforms.ActiveCfg = Release|x86
		{C72166F3-84D8-48BF-814A-4E0CF6574E34}.Release|Mixed Platforms.Build.0 = Release|x86
		{C72166F3-84D8-48BF-814A-4E0CF6574E34}.Release|x86.ActiveCfg = Release|x86
		{C72166F3-84D8-48BF-814A-4E0CF6574E34}.Release|x86.Build.0 = Release|x86
		{8D66D30F-88DA-441A-ADC4-4E3483AB07D5}.Debug avec doc|.NET.ActiveCfg = Debug avec doc|x86
		{8D66D30F-88DA-441A-ADC4-4E3483AB07D5}.Debug avec doc|Any CPU.ActiveCfg = Debug avec doc|Any CPU
		{8D66D30F-88DA-441A-ADC4-4E3483AB07D5}.Debug avec doc|Any CPU.Build.0 = Debug avec doc|Any CPU
		{8D66D30F-88DA-441A-ADC4-4E3483AB07D5}.Debug avec doc|Mixed Platforms.ActiveCfg = Debug avec doc|x86
		{8D66D30F-88DA-441A-ADC4-4E3483AB07D5}.Debug avec doc|Mixed Platforms.Build.0 = Debug avec doc|x86
		{8D66D30F-88DA-441A-ADC4-4E3483AB07D5}.Debug avec doc|x86.ActiveCfg = Debug avec doc|x86
		{8D66D30F-88DA-441A-ADC4-4E3483AB07D5}.Debug avec doc|x86.Build.0 = Debug avec doc|x86
		{8D66D30F-88DA-441A-ADC4-4E3483AB07D5}.Debug|.NET.ActiveCfg = Debug|x86
		{8D66D30F-88DA-441A-ADC4-4E3483AB07D5}.Debug|Any CPU.ActiveCfg = Debug|Any CPU
		{8D66D30F-88DA-441A-ADC4-4E3483AB07D5}.Debug|Any CPU.Build.0 = Debug|Any CPU
		{8D66D30F-88DA-441A-ADC4-4E3483AB07D5}.Debug|Mixed Platforms.ActiveCfg = Debug|Any CPU
		{8D66D30F-88DA-441A-ADC4-4E3483AB07D5}.Debug|Mixed Platforms.Build.0 = Debug|Any CPU
		{8D66D30F-88DA-441A-ADC4-4E3483AB07D5}.Debug|x86.ActiveCfg = Debug|x86
		{8D66D30F-88DA-441A-ADC4-4E3483AB07D5}.Debug|x86.Build.0 = Debug|x86
		{8D66D30F-88DA-441A-ADC4-4E3483AB07D5}.Release|.NET.ActiveCfg = Release|x86
		{8D66D30F-88DA-441A-ADC4-4E3483AB07D5}.Release|Any CPU.ActiveCfg = Release|Any CPU
		{8D66D30F-88DA-441A-ADC4-4E3483AB07D5}.Release|Any CPU.Build.0 = Release|Any CPU
		{8D66D30F-88DA-441A-ADC4-4E3483AB07D5}.Release|Mixed Platforms.ActiveCfg = Release|x86
		{8D66D30F-88DA-441A-ADC4-4E3483AB07D5}.Release|Mixed Platforms.Build.0 = Release|x86
		{8D66D30F-88DA-441A-ADC4-4E3483AB07D5}.Release|x86.ActiveCfg = Release|x86
		{8D66D30F-88DA-441A-ADC4-4E3483AB07D5}.Release|x86.Build.0 = Release|x86
		{D14B217A-F92D-4D9C-BB7C-B06C8B3C7403}.Debug avec doc|.NET.ActiveCfg = Debug avec doc|x86
		{D14B217A-F92D-4D9C-BB7C-B06C8B3C7403}.Debug avec doc|Any CPU.ActiveCfg = Debug avec doc|Any CPU
		{D14B217A-F92D-4D9C-BB7C-B06C8B3C7403}.Debug avec doc|Any CPU.Build.0 = Debug avec doc|Any CPU
		{D14B217A-F92D-4D9C-BB7C-B06C8B3C7403}.Debug avec doc|Mixed Platforms.ActiveCfg = Debug avec doc|x86
		{D14B217A-F92D-4D9C-BB7C-B06C8B3C7403}.Debug avec doc|Mixed Platforms.Build.0 = Debug avec doc|x86
		{D14B217A-F92D-4D9C-BB7C-B06C8B3C7403}.Debug avec doc|x86.ActiveCfg = Debug avec doc|x86
		{D14B217A-F92D-4D9C-BB7C-B06C8B3C7403}.Debug avec doc|x86.Build.0 = Debug avec doc|x86
		{D14B217A-F92D-4D9C-BB7C-B06C8B3C7403}.Debug|.NET.ActiveCfg = Debug|x86
		{D14B217A-F92D-4D9C-BB7C-B06C8B3C7403}.Debug|Any CPU.ActiveCfg = Debug|Any CPU
		{D14B217A-F92D-4D9C-BB7C-B06C8B3C7403}.Debug|Any CPU.Build.0 = Debug|Any CPU
		{D14B217A-F92D-4D9C-BB7C-B06C8B3C7403}.Debug|Mixed Platforms.ActiveCfg = Debug|Any CPU
		{D14B217A-F92D-4D9C-BB7C-B06C8B3C7403}.Debug|Mixed Platforms.Build.0 = Debug|Any CPU
		{D14B217A-F92D-4D9C-BB7C-B06C8B3C7403}.Debug|x86.ActiveCfg = Debug|x86
		{D14B217A-F92D-4D9C-BB7C-B06C8B3C7403}.Debug|x86.Build.0 = Debug|x86
		{D14B217A-F92D-4D9C-BB7C-B06C8B3C7403}.Release|.NET.ActiveCfg = Release|x86
		{D14B217A-F92D-4D9C-BB7C-B06C8B3C7403}.Release|Any CPU.ActiveCfg = Release|Any CPU
		{D14B217A-F92D-4D9C-BB7C-B06C8B3C7403}.Release|Any CPU.Build.0 = Release|Any CPU
		{D14B217A-F92D-4D9C-BB7C-B06C8B3C7403}.Release|Mixed Platforms.ActiveCfg = Release|x86
		{D14B217A-F92D-4D9C-BB7C-B06C8B3C7403}.Release|Mixed Platforms.Build.0 = Release|x86
		{D14B217A-F92D-4D9C-BB7C-B06C8B3C7403}.Release|x86.ActiveCfg = Release|x86
		{D14B217A-F92D-4D9C-BB7C-B06C8B3C7403}.Release|x86.Build.0 = Release|x86
		{2F14D268-9349-4A75-95D0-3D989859837D}.Debug avec doc|.NET.ActiveCfg = Debug avec doc|x86
		{2F14D268-9349-4A75-95D0-3D989859837D}.Debug avec doc|Any CPU.ActiveCfg = Debug avec doc|Any CPU
		{2F14D268-9349-4A75-95D0-3D989859837D}.Debug avec doc|Any CPU.Build.0 = Debug avec doc|Any CPU
		{2F14D268-9349-4A75-95D0-3D989859837D}.Debug avec doc|Mixed Platforms.ActiveCfg = Debug avec doc|x86
		{2F14D268-9349-4A75-95D0-3D989859837D}.Debug avec doc|Mixed Platforms.Build.0 = Debug avec doc|x86
		{2F14D268-9349-4A75-95D0-3D989859837D}.Debug avec doc|x86.ActiveCfg = Debug avec doc|x86
		{2F14D268-9349-4A75-95D0-3D989859837D}.Debug avec doc|x86.Build.0 = Debug avec doc|x86
		{2F14D268-9349-4A75-95D0-3D989859837D}.Debug|.NET.ActiveCfg = Debug|x86
		{2F14D268-9349-4A75-95D0-3D989859837D}.Debug|Any CPU.ActiveCfg = Debug|Any CPU
		{2F14D268-9349-4A75-95D0-3D989859837D}.Debug|Any CPU.Build.0 = Debug|Any CPU
		{2F14D268-9349-4A75-95D0-3D989859837D}.Debug|Mixed Platforms.ActiveCfg = Debug|Any CPU
		{2F14D268-9349-4A75-95D0-3D989859837D}.Debug|Mixed Platforms.Build.0 = Debug|Any CPU
		{2F14D268-9349-4A75-95D0-3D989859837D}.Debug|x86.ActiveCfg = Debug|x86
		{2F14D268-9349-4A75-95D0-3D989859837D}.Debug|x86.Build.0 = Debug|x86
		{2F14D268-9349-4A75-95D0-3D989859837D}.Release|.NET.ActiveCfg = Release|x86
		{2F14D268-9349-4A75-95D0-3D989859837D}.Release|Any CPU.ActiveCfg = Release|Any CPU
		{2F14D268-9349-4A75-95D0-3D989859837D}.Release|Any CPU.Build.0 = Release|Any CPU
		{2F14D268-9349-4A75-95D0-3D989859837D}.Release|Mixed Platforms.ActiveCfg = Release|x86
		{2F14D268-9349-4A75-95D0-3D989859837D}.Release|Mixed Platforms.Build.0 = Release|x86
		{2F14D268-9349-4A75-95D0-3D989859837D}.Release|x86.ActiveCfg = Release|x86
		{2F14D268-9349-4A75-95D0-3D989859837D}.Release|x86.Build.0 = Release|x86
		{23E25D97-65E5-4858-A622-5D7359CDA94A}.Debug avec doc|.NET.ActiveCfg = Debug|Any CPU
		{23E25D97-65E5-4858-A622-5D7359CDA94A}.Debug avec doc|Any CPU.ActiveCfg = Debug|Any CPU
		{23E25D97-65E5-4858-A622-5D7359CDA94A}.Debug avec doc|Any CPU.Build.0 = Debug|Any CPU
		{23E25D97-65E5-4858-A622-5D7359CDA94A}.Debug avec doc|Mixed Platforms.ActiveCfg = Debug|Any CPU
		{23E25D97-65E5-4858-A622-5D7359CDA94A}.Debug avec doc|Mixed Platforms.Build.0 = Debug|Any CPU
		{23E25D97-65E5-4858-A622-5D7359CDA94A}.Debug avec doc|x86.ActiveCfg = Debug|Any CPU
		{23E25D97-65E5-4858-A622-5D7359CDA94A}.Debug|.NET.ActiveCfg = Debug|Any CPU
		{23E25D97-65E5-4858-A622-5D7359CDA94A}.Debug|Any CPU.ActiveCfg = Debug|Any CPU
		{23E25D97-65E5-4858-A622-5D7359CDA94A}.Debug|Any CPU.Build.0 = Debug|Any CPU
		{23E25D97-65E5-4858-A622-5D7359CDA94A}.Debug|Mixed Platforms.ActiveCfg = Debug|Any CPU
		{23E25D97-65E5-4858-A622-5D7359CDA94A}.Debug|Mixed Platforms.Build.0 = Debug|Any CPU
		{23E25D97-65E5-4858-A622-5D7359CDA94A}.Debug|x86.ActiveCfg = Debug|Any CPU
		{23E25D97-65E5-4858-A622-5D7359CDA94A}.Release|.NET.ActiveCfg = Release|Any CPU
		{23E25D97-65E5-4858-A622-5D7359CDA94A}.Release|Any CPU.ActiveCfg = Release|Any CPU
		{23E25D97-65E5-4858-A622-5D7359CDA94A}.Release|Any CPU.Build.0 = Release|Any CPU
		{23E25D97-65E5-4858-A622-5D7359CDA94A}.Release|Mixed Platforms.ActiveCfg = Release|Any CPU
		{23E25D97-65E5-4858-A622-5D7359CDA94A}.Release|Mixed Platforms.Build.0 = Release|Any CPU
		{23E25D97-65E5-4858-A622-5D7359CDA94A}.Release|x86.ActiveCfg = Release|x86
		{23E25D97-65E5-4858-A622-5D7359CDA94A}.Release|x86.Build.0 = Release|x86
		{9B4E7AE6-D6AF-432B-B698-09CC9A819C5E}.Debug avec doc|.NET.ActiveCfg = Debug|Any CPU
		{9B4E7AE6-D6AF-432B-B698-09CC9A819C5E}.Debug avec doc|Any CPU.ActiveCfg = Debug|Any CPU
		{9B4E7AE6-D6AF-432B-B698-09CC9A819C5E}.Debug avec doc|Any CPU.Build.0 = Debug|Any CPU
		{9B4E7AE6-D6AF-432B-B698-09CC9A819C5E}.Debug avec doc|Mixed Platforms.ActiveCfg = Debug|Any CPU
		{9B4E7AE6-D6AF-432B-B698-09CC9A819C5E}.Debug avec doc|Mixed Platforms.Build.0 = Debug|Any CPU
		{9B4E7AE6-D6AF-432B-B698-09CC9A819C5E}.Debug avec doc|x86.ActiveCfg = Debug|Any CPU
		{9B4E7AE6-D6AF-432B-B698-09CC9A819C5E}.Debug|.NET.ActiveCfg = Debug|Any CPU
		{9B4E7AE6-D6AF-432B-B698-09CC9A819C5E}.Debug|Any CPU.ActiveCfg = Debug|Any CPU
		{9B4E7AE6-D6AF-432B-B698-09CC9A819C5E}.Debug|Any CPU.Build.0 = Debug|Any CPU
		{9B4E7AE6-D6AF-432B-B698-09CC9A819C5E}.Debug|Mixed Platforms.ActiveCfg = Debug|Any CPU
		{9B4E7AE6-D6AF-432B-B698-09CC9A819C5E}.Debug|Mixed Platforms.Build.0 = Debug|Any CPU
		{9B4E7AE6-D6AF-432B-B698-09CC9A819C5E}.Debug|x86.ActiveCfg = Debug|Any CPU
		{9B4E7AE6-D6AF-432B-B698-09CC9A819C5E}.Release|.NET.ActiveCfg = Release|Any CPU
		{9B4E7AE6-D6AF-432B-B698-09CC9A819C5E}.Release|Any CPU.ActiveCfg = Release|Any CPU
		{9B4E7AE6-D6AF-432B-B698-09CC9A819C5E}.Release|Any CPU.Build.0 = Release|Any CPU
		{9B4E7AE6-D6AF-432B-B698-09CC9A819C5E}.Release|Mixed Platforms.ActiveCfg = Release|Any CPU
		{9B4E7AE6-D6AF-432B-B698-09CC9A819C5E}.Release|Mixed Platforms.Build.0 = Release|Any CPU
		{9B4E7AE6-D6AF-432B-B698-09CC9A819C5E}.Release|x86.ActiveCfg = Release|x86
		{9B4E7AE6-D6AF-432B-B698-09CC9A819C5E}.Release|x86.Build.0 = Release|x86
		{6B0B5E44-0BE9-4680-92D5-16D8AF4034A2}.Debug avec doc|.NET.ActiveCfg = Debug|Any CPU
		{6B0B5E44-0BE9-4680-92D5-16D8AF4034A2}.Debug avec doc|Any CPU.ActiveCfg = Debug|Any CPU
		{6B0B5E44-0BE9-4680-92D5-16D8AF4034A2}.Debug avec doc|Any CPU.Build.0 = Debug|Any CPU
		{6B0B5E44-0BE9-4680-92D5-16D8AF4034A2}.Debug avec doc|Mixed Platforms.ActiveCfg = Debug|Any CPU
		{6B0B5E44-0BE9-4680-92D5-16D8AF4034A2}.Debug avec doc|Mixed Platforms.Build.0 = Debug|Any CPU
		{6B0B5E44-0BE9-4680-92D5-16D8AF4034A2}.Debug avec doc|x86.ActiveCfg = Debug|Any CPU
		{6B0B5E44-0BE9-4680-92D5-16D8AF4034A2}.Debug|.NET.ActiveCfg = Debug|Any CPU
		{6B0B5E44-0BE9-4680-92D5-16D8AF4034A2}.Debug|Any CPU.ActiveCfg = Debug|Any CPU
		{6B0B5E44-0BE9-4680-92D5-16D8AF4034A2}.Debug|Any CPU.Build.0 = Debug|Any CPU
		{6B0B5E44-0BE9-4680-92D5-16D8AF4034A2}.Debug|Mixed Platforms.ActiveCfg = Debug|Any CPU
		{6B0B5E44-0BE9-4680-92D5-16D8AF4034A2}.Debug|Mixed Platforms.Build.0 = Debug|Any CPU
		{6B0B5E44-0BE9-4680-92D5-16D8AF4034A2}.Debug|x86.ActiveCfg = Debug|Any CPU
		{6B0B5E44-0BE9-4680-92D5-16D8AF4034A2}.Release|.NET.ActiveCfg = Release|Any CPU
		{6B0B5E44-0BE9-4680-92D5-16D8AF4034A2}.Release|Any CPU.ActiveCfg = Release|Any CPU
		{6B0B5E44-0BE9-4680-92D5-16D8AF4034A2}.Release|Any CPU.Build.0 = Release|Any CPU
		{6B0B5E44-0BE9-4680-92D5-16D8AF4034A2}.Release|Mixed Platforms.ActiveCfg = Release|Any CPU
		{6B0B5E44-0BE9-4680-92D5-16D8AF4034A2}.Release|Mixed Platforms.Build.0 = Release|Any CPU
		{6B0B5E44-0BE9-4680-92D5-16D8AF4034A2}.Release|x86.ActiveCfg = Release|x86
		{6B0B5E44-0BE9-4680-92D5-16D8AF4034A2}.Release|x86.Build.0 = Release|x86
		{D40EACEE-48DA-4559-86D2-63BC6F89E821}.Debug avec doc|.NET.ActiveCfg = Debug|Any CPU
		{D40EACEE-48DA-4559-86D2-63BC6F89E821}.Debug avec doc|Any CPU.ActiveCfg = Debug|Any CPU
		{D40EACEE-48DA-4559-86D2-63BC6F89E821}.Debug avec doc|Any CPU.Build.0 = Debug|Any CPU
		{D40EACEE-48DA-4559-86D2-63BC6F89E821}.Debug avec doc|Mixed Platforms.ActiveCfg = Debug|Any CPU
		{D40EACEE-48DA-4559-86D2-63BC6F89E821}.Debug avec doc|Mixed Platforms.Build.0 = Debug|Any CPU
		{D40EACEE-48DA-4559-86D2-63BC6F89E821}.Debug avec doc|x86.ActiveCfg = Debug|Any CPU
		{D40EACEE-48DA-4559-86D2-63BC6F89E821}.Debug|.NET.ActiveCfg = Debug|Any CPU
		{D40EACEE-48DA-4559-86D2-63BC6F89E821}.Debug|Any CPU.ActiveCfg = Debug|Any CPU
		{D40EACEE-48DA-4559-86D2-63BC6F89E821}.Debug|Any CPU.Build.0 = Debug|Any CPU
		{D40EACEE-48DA-4559-86D2-63BC6F89E821}.Debug|Mixed Platforms.ActiveCfg = Debug|Any CPU
		{D40EACEE-48DA-4559-86D2-63BC6F89E821}.Debug|Mixed Platforms.Build.0 = Debug|Any CPU
		{D40EACEE-48DA-4559-86D2-63BC6F89E821}.Debug|x86.ActiveCfg = Debug|Any CPU
		{D40EACEE-48DA-4559-86D2-63BC6F89E821}.Release|.NET.ActiveCfg = Release|Any CPU
		{D40EACEE-48DA-4559-86D2-63BC6F89E821}.Release|Any CPU.ActiveCfg = Release|Any CPU
		{D40EACEE-48DA-4559-86D2-63BC6F89E821}.Release|Any CPU.Build.0 = Release|Any CPU
		{D40EACEE-48DA-4559-86D2-63BC6F89E821}.Release|Mixed Platforms.ActiveCfg = Release|Any CPU
		{D40EACEE-48DA-4559-86D2-63BC6F89E821}.Release|Mixed Platforms.Build.0 = Release|Any CPU
		{D40EACEE-48DA-4559-86D2-63BC6F89E821}.Release|x86.ActiveCfg = Release|x86
		{D40EACEE-48DA-4559-86D2-63BC6F89E821}.Release|x86.Build.0 = Release|x86
		{39EEC363-CE75-44AE-8D04-F67C2C57FD92}.Debug avec doc|.NET.ActiveCfg = Debug|Any CPU
		{39EEC363-CE75-44AE-8D04-F67C2C57FD92}.Debug avec doc|Any CPU.ActiveCfg = Debug|Any CPU
		{39EEC363-CE75-44AE-8D04-F67C2C57FD92}.Debug avec doc|Any CPU.Build.0 = Debug|Any CPU
		{39EEC363-CE75-44AE-8D04-F67C2C57FD92}.Debug avec doc|Mixed Platforms.ActiveCfg = Debug|Any CPU
		{39EEC363-CE75-44AE-8D04-F67C2C57FD92}.Debug avec doc|Mixed Platforms.Build.0 = Debug|Any CPU
		{39EEC363-CE75-44AE-8D04-F67C2C57FD92}.Debug avec doc|x86.ActiveCfg = Debug|Any CPU
		{39EEC363-CE75-44AE-8D04-F67C2C57FD92}.Debug|.NET.ActiveCfg = Debug|Any CPU
		{39EEC363-CE75-44AE-8D04-F67C2C57FD92}.Debug|Any CPU.ActiveCfg = Debug|Any CPU
		{39EEC363-CE75-44AE-8D04-F67C2C57FD92}.Debug|Any CPU.Build.0 = Debug|Any CPU
		{39EEC363-CE75-44AE-8D04-F67C2C57FD92}.Debug|Mixed Platforms.ActiveCfg = Debug|Any CPU
		{39EEC363-CE75-44AE-8D04-F67C2C57FD92}.Debug|Mixed Platforms.Build.0 = Debug|Any CPU
		{39EEC363-CE75-44AE-8D04-F67C2C57FD92}.Debug|x86.ActiveCfg = Debug|Any CPU
		{39EEC363-CE75-44AE-8D04-F67C2C57FD92}.Release|.NET.ActiveCfg = Release|Any CPU
		{39EEC363-CE75-44AE-8D04-F67C2C57FD92}.Release|Any CPU.ActiveCfg = Release|Any CPU
		{39EEC363-CE75-44AE-8D04-F67C2C57FD92}.Release|Any CPU.Build.0 = Release|Any CPU
		{39EEC363-CE75-44AE-8D04-F67C2C57FD92}.Release|Mixed Platforms.ActiveCfg = Release|Any CPU
		{39EEC363-CE75-44AE-8D04-F67C2C57FD92}.Release|Mixed Platforms.Build.0 = Release|Any CPU
		{39EEC363-CE75-44AE-8D04-F67C2C57FD92}.Release|x86.ActiveCfg = Release|x86
		{39EEC363-CE75-44AE-8D04-F67C2C57FD92}.Release|x86.Build.0 = Release|x86
		{325C45E1-D12F-4E1D-BE75-0B6ACE24C66A}.Debug avec doc|.NET.ActiveCfg = Debug|Any CPU
		{325C45E1-D12F-4E1D-BE75-0B6ACE24C66A}.Debug avec doc|Any CPU.ActiveCfg = Debug|Any CPU
		{325C45E1-D12F-4E1D-BE75-0B6ACE24C66A}.Debug avec doc|Any CPU.Build.0 = Debug|Any CPU
		{325C45E1-D12F-4E1D-BE75-0B6ACE24C66A}.Debug avec doc|Mixed Platforms.ActiveCfg = Debug|Any CPU
		{325C45E1-D12F-4E1D-BE75-0B6ACE24C66A}.Debug avec doc|Mixed Platforms.Build.0 = Debug|Any CPU
		{325C45E1-D12F-4E1D-BE75-0B6ACE24C66A}.Debug avec doc|x86.ActiveCfg = Debug|Any CPU
		{325C45E1-D12F-4E1D-BE75-0B6ACE24C66A}.Debug|.NET.ActiveCfg = Debug|Any CPU
		{325C45E1-D12F-4E1D-BE75-0B6ACE24C66A}.Debug|Any CPU.ActiveCfg = Debug|Any CPU
		{325C45E1-D12F-4E1D-BE75-0B6ACE24C66A}.Debug|Any CPU.Build.0 = Debug|Any CPU
		{325C45E1-D12F-4E1D-BE75-0B6ACE24C66A}.Debug|Mixed Platforms.ActiveCfg = Debug|Any CPU
		{325C45E1-D12F-4E1D-BE75-0B6ACE24C66A}.Debug|Mixed Platforms.Build.0 = Debug|Any CPU
		{325C45E1-D12F-4E1D-BE75-0B6ACE24C66A}.Debug|x86.ActiveCfg = Debug|Any CPU
		{325C45E1-D12F-4E1D-BE75-0B6ACE24C66A}.Release|.NET.ActiveCfg = Release|Any CPU
		{325C45E1-D12F-4E1D-BE75-0B6ACE24C66A}.Release|Any CPU.ActiveCfg = Release|Any CPU
		{325C45E1-D12F-4E1D-BE75-0B6ACE24C66A}.Release|Any CPU.Build.0 = Release|Any CPU
		{325C45E1-D12F-4E1D-BE75-0B6ACE24C66A}.Release|Mixed Platforms.ActiveCfg = Release|Any CPU
		{325C45E1-D12F-4E1D-BE75-0B6ACE24C66A}.Release|Mixed Platforms.Build.0 = Release|Any CPU
		{325C45E1-D12F-4E1D-BE75-0B6ACE24C66A}.Release|x86.ActiveCfg = Release|x86
		{325C45E1-D12F-4E1D-BE75-0B6ACE24C66A}.Release|x86.Build.0 = Release|x86
		{B80DAAA9-FC7E-4F41-A1DC-A147ACACE69B}.Debug avec doc|.NET.ActiveCfg = Debug|Any CPU
		{B80DAAA9-FC7E-4F41-A1DC-A147ACACE69B}.Debug avec doc|Any CPU.ActiveCfg = Debug|Any CPU
		{B80DAAA9-FC7E-4F41-A1DC-A147ACACE69B}.Debug avec doc|Any CPU.Build.0 = Debug|Any CPU
		{B80DAAA9-FC7E-4F41-A1DC-A147ACACE69B}.Debug avec doc|Mixed Platforms.ActiveCfg = Debug|Any CPU
		{B80DAAA9-FC7E-4F41-A1DC-A147ACACE69B}.Debug avec doc|Mixed Platforms.Build.0 = Debug|Any CPU
		{B80DAAA9-FC7E-4F41-A1DC-A147ACACE69B}.Debug avec doc|x86.ActiveCfg = Debug|Any CPU
		{B80DAAA9-FC7E-4F41-A1DC-A147ACACE69B}.Debug|.NET.ActiveCfg = Debug|Any CPU
		{B80DAAA9-FC7E-4F41-A1DC-A147ACACE69B}.Debug|Any CPU.ActiveCfg = Debug|Any CPU
		{B80DAAA9-FC7E-4F41-A1DC-A147ACACE69B}.Debug|Any CPU.Build.0 = Debug|Any CPU
		{B80DAAA9-FC7E-4F41-A1DC-A147ACACE69B}.Debug|Mixed Platforms.ActiveCfg = Debug|Any CPU
		{B80DAAA9-FC7E-4F41-A1DC-A147ACACE69B}.Debug|Mixed Platforms.Build.0 = Debug|Any CPU
		{B80DAAA9-FC7E-4F41-A1DC-A147ACACE69B}.Debug|x86.ActiveCfg = Debug|Any CPU
		{B80DAAA9-FC7E-4F41-A1DC-A147ACACE69B}.Release|.NET.ActiveCfg = Release|Any CPU
		{B80DAAA9-FC7E-4F41-A1DC-A147ACACE69B}.Release|Any CPU.ActiveCfg = Release|Any CPU
		{B80DAAA9-FC7E-4F41-A1DC-A147ACACE69B}.Release|Any CPU.Build.0 = Release|Any CPU
		{B80DAAA9-FC7E-4F41-A1DC-A147ACACE69B}.Release|Mixed Platforms.ActiveCfg = Release|Any CPU
		{B80DAAA9-FC7E-4F41-A1DC-A147ACACE69B}.Release|Mixed Platforms.Build.0 = Release|Any CPU
		{B80DAAA9-FC7E-4F41-A1DC-A147ACACE69B}.Release|x86.ActiveCfg = Release|x86
		{B80DAAA9-FC7E-4F41-A1DC-A147ACACE69B}.Release|x86.Build.0 = Release|x86
		{38DE5923-5F1F-4FC3-BEE1-63A8A7A442AB}.Debug avec doc|.NET.ActiveCfg = Debug|Any CPU
		{38DE5923-5F1F-4FC3-BEE1-63A8A7A442AB}.Debug avec doc|Any CPU.ActiveCfg = Debug|Any CPU
		{38DE5923-5F1F-4FC3-BEE1-63A8A7A442AB}.Debug avec doc|Any CPU.Build.0 = Debug|Any CPU
		{38DE5923-5F1F-4FC3-BEE1-63A8A7A442AB}.Debug avec doc|Mixed Platforms.ActiveCfg = Debug|Any CPU
		{38DE5923-5F1F-4FC3-BEE1-63A8A7A442AB}.Debug avec doc|Mixed Platforms.Build.0 = Debug|Any CPU
		{38DE5923-5F1F-4FC3-BEE1-63A8A7A442AB}.Debug avec doc|x86.ActiveCfg = Debug|Any CPU
		{38DE5923-5F1F-4FC3-BEE1-63A8A7A442AB}.Debug|.NET.ActiveCfg = Debug|Any CPU
		{38DE5923-5F1F-4FC3-BEE1-63A8A7A442AB}.Debug|Any CPU.ActiveCfg = Debug|Any CPU
		{38DE5923-5F1F-4FC3-BEE1-63A8A7A442AB}.Debug|Mixed Platforms.ActiveCfg = Debug|Any CPU
		{38DE5923-5F1F-4FC3-BEE1-63A8A7A442AB}.Debug|Mixed Platforms.Build.0 = Debug|Any CPU
		{38DE5923-5F1F-4FC3-BEE1-63A8A7A442AB}.Debug|x86.ActiveCfg = Debug|Any CPU
		{38DE5923-5F1F-4FC3-BEE1-63A8A7A442AB}.Release|.NET.ActiveCfg = Release|Any CPU
		{38DE5923-5F1F-4FC3-BEE1-63A8A7A442AB}.Release|Any CPU.ActiveCfg = Release|Any CPU
		{38DE5923-5F1F-4FC3-BEE1-63A8A7A442AB}.Release|Any CPU.Build.0 = Release|Any CPU
		{38DE5923-5F1F-4FC3-BEE1-63A8A7A442AB}.Release|Mixed Platforms.ActiveCfg = Release|Any CPU
		{38DE5923-5F1F-4FC3-BEE1-63A8A7A442AB}.Release|Mixed Platforms.Build.0 = Release|Any CPU
		{38DE5923-5F1F-4FC3-BEE1-63A8A7A442AB}.Release|x86.ActiveCfg = Release|x86
		{38DE5923-5F1F-4FC3-BEE1-63A8A7A442AB}.Release|x86.Build.0 = Release|x86
		{BB9A84CE-7222-413E-AD12-7ACADA5B234E}.Debug avec doc|.NET.ActiveCfg = Debug|Any CPU
		{BB9A84CE-7222-413E-AD12-7ACADA5B234E}.Debug avec doc|Any CPU.ActiveCfg = Debug|Any CPU
		{BB9A84CE-7222-413E-AD12-7ACADA5B234E}.Debug avec doc|Any CPU.Build.0 = Debug|Any CPU
		{BB9A84CE-7222-413E-AD12-7ACADA5B234E}.Debug avec doc|Mixed Platforms.ActiveCfg = Debug|Any CPU
		{BB9A84CE-7222-413E-AD12-7ACADA5B234E}.Debug avec doc|Mixed Platforms.Build.0 = Debug|Any CPU
		{BB9A84CE-7222-413E-AD12-7ACADA5B234E}.Debug avec doc|x86.ActiveCfg = Debug|Any CPU
		{BB9A84CE-7222-413E-AD12-7ACADA5B234E}.Debug|.NET.ActiveCfg = Debug|Any CPU
		{BB9A84CE-7222-413E-AD12-7ACADA5B234E}.Debug|Any CPU.ActiveCfg = Debug|Any CPU
		{BB9A84CE-7222-413E-AD12-7ACADA5B234E}.Debug|Any CPU.Build.0 = Debug|Any CPU
		{BB9A84CE-7222-413E-AD12-7ACADA5B234E}.Debug|Mixed Platforms.ActiveCfg = Debug|Any CPU
		{BB9A84CE-7222-413E-AD12-7ACADA5B234E}.Debug|Mixed Platforms.Build.0 = Debug|Any CPU
		{BB9A84CE-7222-413E-AD12-7ACADA5B234E}.Debug|x86.ActiveCfg = Debug|Any CPU
		{BB9A84CE-7222-413E-AD12-7ACADA5B234E}.Release|.NET.ActiveCfg = Release|Any CPU
		{BB9A84CE-7222-413E-AD12-7ACADA5B234E}.Release|Any CPU.ActiveCfg = Release|Any CPU
		{BB9A84CE-7222-413E-AD12-7ACADA5B234E}.Release|Any CPU.Build.0 = Release|Any CPU
		{BB9A84CE-7222-413E-AD12-7ACADA5B234E}.Release|Mixed Platforms.ActiveCfg = Release|Any CPU
		{BB9A84CE-7222-413E-AD12-7ACADA5B234E}.Release|Mixed Platforms.Build.0 = Release|Any CPU
		{BB9A84CE-7222-413E-AD12-7ACADA5B234E}.Release|x86.ActiveCfg = Release|x86
		{BB9A84CE-7222-413E-AD12-7ACADA5B234E}.Release|x86.Build.0 = Release|x86
		{38D93712-F288-43FE-9BCE-1330014BDDAF}.Debug avec doc|.NET.ActiveCfg = Debug|Any CPU
		{38D93712-F288-43FE-9BCE-1330014BDDAF}.Debug avec doc|Any CPU.ActiveCfg = Debug|Any CPU
		{38D93712-F288-43FE-9BCE-1330014BDDAF}.Debug avec doc|Any CPU.Build.0 = Debug|Any CPU
		{38D93712-F288-43FE-9BCE-1330014BDDAF}.Debug avec doc|Mixed Platforms.ActiveCfg = Debug|Any CPU
		{38D93712-F288-43FE-9BCE-1330014BDDAF}.Debug avec doc|Mixed Platforms.Build.0 = Debug|Any CPU
		{38D93712-F288-43FE-9BCE-1330014BDDAF}.Debug avec doc|x86.ActiveCfg = Debug|Any CPU
		{38D93712-F288-43FE-9BCE-1330014BDDAF}.Debug|.NET.ActiveCfg = Debug|Any CPU
		{38D93712-F288-43FE-9BCE-1330014BDDAF}.Debug|Any CPU.ActiveCfg = Debug|Any CPU
		{38D93712-F288-43FE-9BCE-1330014BDDAF}.Debug|Any CPU.Build.0 = Debug|Any CPU
		{38D93712-F288-43FE-9BCE-1330014BDDAF}.Debug|Mixed Platforms.ActiveCfg = Debug|Any CPU
		{38D93712-F288-43FE-9BCE-1330014BDDAF}.Debug|Mixed Platforms.Build.0 = Debug|Any CPU
		{38D93712-F288-43FE-9BCE-1330014BDDAF}.Debug|x86.ActiveCfg = Debug|Any CPU
		{38D93712-F288-43FE-9BCE-1330014BDDAF}.Release|.NET.ActiveCfg = Release|Any CPU
		{38D93712-F288-43FE-9BCE-1330014BDDAF}.Release|Any CPU.ActiveCfg = Release|Any CPU
		{38D93712-F288-43FE-9BCE-1330014BDDAF}.Release|Any CPU.Build.0 = Release|Any CPU
		{38D93712-F288-43FE-9BCE-1330014BDDAF}.Release|Mixed Platforms.ActiveCfg = Release|Any CPU
		{38D93712-F288-43FE-9BCE-1330014BDDAF}.Release|Mixed Platforms.Build.0 = Release|Any CPU
		{38D93712-F288-43FE-9BCE-1330014BDDAF}.Release|x86.ActiveCfg = Release|x86
		{38D93712-F288-43FE-9BCE-1330014BDDAF}.Release|x86.Build.0 = Release|x86
		{0D82D056-0534-4948-BAB3-4E6090B42C62}.Debug avec doc|.NET.ActiveCfg = Debug|Any CPU
		{0D82D056-0534-4948-BAB3-4E6090B42C62}.Debug avec doc|.NET.Build.0 = Debug|Any CPU
		{0D82D056-0534-4948-BAB3-4E6090B42C62}.Debug avec doc|Any CPU.ActiveCfg = Debug|Any CPU
		{0D82D056-0534-4948-BAB3-4E6090B42C62}.Debug avec doc|Any CPU.Build.0 = Debug|Any CPU
		{0D82D056-0534-4948-BAB3-4E6090B42C62}.Debug avec doc|Mixed Platforms.ActiveCfg = Debug|Any CPU
		{0D82D056-0534-4948-BAB3-4E6090B42C62}.Debug avec doc|Mixed Platforms.Build.0 = Debug|Any CPU
		{0D82D056-0534-4948-BAB3-4E6090B42C62}.Debug avec doc|x86.ActiveCfg = Debug|Any CPU
		{0D82D056-0534-4948-BAB3-4E6090B42C62}.Debug avec doc|x86.Build.0 = Debug|Any CPU
		{0D82D056-0534-4948-BAB3-4E6090B42C62}.Debug|.NET.ActiveCfg = Debug|Any CPU
		{0D82D056-0534-4948-BAB3-4E6090B42C62}.Debug|.NET.Build.0 = Debug|Any CPU
		{0D82D056-0534-4948-BAB3-4E6090B42C62}.Debug|Any CPU.ActiveCfg = Debug|Any CPU
		{0D82D056-0534-4948-BAB3-4E6090B42C62}.Debug|Any CPU.Build.0 = Debug|Any CPU
		{0D82D056-0534-4948-BAB3-4E6090B42C62}.Debug|Mixed Platforms.ActiveCfg = Debug|Any CPU
		{0D82D056-0534-4948-BAB3-4E6090B42C62}.Debug|Mixed Platforms.Build.0 = Debug|Any CPU
		{0D82D056-0534-4948-BAB3-4E6090B42C62}.Debug|x86.ActiveCfg = Debug|Any CPU
		{0D82D056-0534-4948-BAB3-4E6090B42C62}.Debug|x86.Build.0 = Debug|Any CPU
		{0D82D056-0534-4948-BAB3-4E6090B42C62}.Release|.NET.ActiveCfg = Release|Any CPU
		{0D82D056-0534-4948-BAB3-4E6090B42C62}.Release|.NET.Build.0 = Release|Any CPU
		{0D82D056-0534-4948-BAB3-4E6090B42C62}.Release|Any CPU.ActiveCfg = Release|Any CPU
		{0D82D056-0534-4948-BAB3-4E6090B42C62}.Release|Any CPU.Build.0 = Release|Any CPU
		{0D82D056-0534-4948-BAB3-4E6090B42C62}.Release|Mixed Platforms.ActiveCfg = Release|Any CPU
		{0D82D056-0534-4948-BAB3-4E6090B42C62}.Release|Mixed Platforms.Build.0 = Release|Any CPU
		{0D82D056-0534-4948-BAB3-4E6090B42C62}.Release|x86.ActiveCfg = Release|Any CPU
		{0D82D056-0534-4948-BAB3-4E6090B42C62}.Release|x86.Build.0 = Release|Any CPU
	EndGlobalSection
	GlobalSection(SolutionProperties) = preSolution
		HideSolutionNode = FALSE
	EndGlobalSection
	GlobalSection(ExtensibilityGlobals) = postSolution
		VisualSVNWorkingCopyRoot = 
	EndGlobalSection
EndGlobal
