Microsoft Visual Studio Solution File, Format Version 10.00
# Visual Studio 2008
Project("{2150E333-8FDC-42A3-9474-1A3956D46DE8}") = "Solution Items", "Solution Items", "{3A9CFAAF-4F6B-4690-B941-C61DA3921F7F}"
	ProjectSection(SolutionItems) = preProject
		..\Clean.bat = ..\Clean.bat
		..\License.txt = ..\License.txt
		..\ReleaseNotes.txt = ..\ReleaseNotes.txt
		..\Snmp_ppVerify.bat = ..\Snmp_ppVerify.bat
	EndProjectSection
EndProject
Project("{8BC9CEB8-8B4A-11D0-8D11-00A0C91BC942}") = "libdes", "libdes\libdes.vcproj", "{479CFCBB-6C2F-4ECA-AB2A-47F9C9A1DD42}"
EndProject
Project("{8BC9CEB8-8B4A-11D0-8D11-00A0C91BC942}") = "snmp++", "snmp++\snmp++.vcproj", "{25C68E0D-36CB-4D53-A90D-6B32BAAC8838}"
	ProjectSection(ProjectDependencies) = postProject
		{479CFCBB-6C2F-4ECA-AB2A-47F9C9A1DD42} = {479CFCBB-6C2F-4ECA-AB2A-47F9C9A1DD42}
	EndProjectSection
EndProject
Project("{8BC9CEB8-8B4A-11D0-8D11-00A0C91BC942}") = "SnmpComp", "SnmpComp\SnmpComp.vcproj", "{6E38F63C-2BD2-4C3F-999C-91AE5DF83D22}"
	ProjectSection(ProjectDependencies) = postProject
		{25C68E0D-36CB-4D53-A90D-6B32BAAC8838} = {25C68E0D-36CB-4D53-A90D-6B32BAAC8838}
		{479CFCBB-6C2F-4ECA-AB2A-47F9C9A1DD42} = {479CFCBB-6C2F-4ECA-AB2A-47F9C9A1DD42}
	EndProjectSection
EndProject
Project("{FAE04EC0-301F-11D3-BF4B-00C04F79EFBC}") = "SnmpManager", "SnmpManager\SnmpManager.csproj", "{5ED3C95F-C504-4A08-81BF-AB5D80E48B24}"
	ProjectSection(ProjectDependencies) = postProject
		{6E38F63C-2BD2-4C3F-999C-91AE5DF83D22} = {6E38F63C-2BD2-4C3F-999C-91AE5DF83D22}
	EndProjectSection
EndProject
Project("{FAE04EC0-301F-11D3-BF4B-00C04F79EFBC}") = "TableReader", "TableReader\TableReader.csproj", "{A444A1FE-7419-493E-A2C0-179A13E18D7A}"
EndProject
Project("{FAE04EC0-301F-11D3-BF4B-00C04F79EFBC}") = "TrapListener", "TrapListener\TrapListener.csproj", "{8C954A89-477F-4961-9EA9-5BFA06C53249}"
EndProject
Project("{FAE04EC0-301F-11D3-BF4B-00C04F79EFBC}") = "SystemWalkExample", "SystemWalkExample\SystemWalkExample.csproj", "{EB1B46CE-BDE8-432F-B1D7-427565986046}"
EndProject
Project("{F184B08F-C81C-45F6-A57F-5ABD9991F28F}") = "SystemWalkExampleVb", "SystemWalkExampleVb\SystemWalkExampleVb.vbproj", "{C7EC3239-C72D-464F-8E5B-4D93CDC8F7AD}"
EndProject
Project("{8BC9CEB8-8B4A-11D0-8D11-00A0C91BC942}") = "SystemWalkExampleCpp", "SystemWalkExampleCpp\SystemWalkExampleCpp.vcproj", "{3438A84E-BBBC-47B9-B53D-DB801BF54D48}"
EndProject
Global
	GlobalSection(SolutionConfigurationPlatforms) = preSolution
		Debug|Any CPU = Debug|Any CPU
		Debug|Mixed Platforms = Debug|Mixed Platforms
		Debug|Win32 = Debug|Win32
		DebugLib|Any CPU = DebugLib|Any CPU
		DebugLib|Mixed Platforms = DebugLib|Mixed Platforms
		DebugLib|Win32 = DebugLib|Win32
		DebugMemLib|Any CPU = DebugMemLib|Any CPU
		DebugMemLib|Mixed Platforms = DebugMemLib|Mixed Platforms
		DebugMemLib|Win32 = DebugMemLib|Win32
		Release|Any CPU = Release|Any CPU
		Release|Mixed Platforms = Release|Mixed Platforms
		Release|Win32 = Release|Win32
		ReleaseLib|Any CPU = ReleaseLib|Any CPU
		ReleaseLib|Mixed Platforms = ReleaseLib|Mixed Platforms
		ReleaseLib|Win32 = ReleaseLib|Win32
		ReleaseMemLib|Any CPU = ReleaseMemLib|Any CPU
		ReleaseMemLib|Mixed Platforms = ReleaseMemLib|Mixed Platforms
		ReleaseMemLib|Win32 = ReleaseMemLib|Win32
	EndGlobalSection
	GlobalSection(ProjectConfigurationPlatforms) = postSolution
		{479CFCBB-6C2F-4ECA-AB2A-47F9C9A1DD42}.Debug|Any CPU.ActiveCfg = Debug|Win32
		{479CFCBB-6C2F-4ECA-AB2A-47F9C9A1DD42}.Debug|Mixed Platforms.ActiveCfg = Debug|Win32
		{479CFCBB-6C2F-4ECA-AB2A-47F9C9A1DD42}.Debug|Mixed Platforms.Build.0 = Debug|Win32
		{479CFCBB-6C2F-4ECA-AB2A-47F9C9A1DD42}.Debug|Win32.ActiveCfg = Debug|Win32
		{479CFCBB-6C2F-4ECA-AB2A-47F9C9A1DD42}.Debug|Win32.Build.0 = Debug|Win32
		{479CFCBB-6C2F-4ECA-AB2A-47F9C9A1DD42}.DebugLib|Any CPU.ActiveCfg = Debug|Win32
		{479CFCBB-6C2F-4ECA-AB2A-47F9C9A1DD42}.DebugLib|Mixed Platforms.ActiveCfg = Debug|Win32
		{479CFCBB-6C2F-4ECA-AB2A-47F9C9A1DD42}.DebugLib|Mixed Platforms.Build.0 = Debug|Win32
		{479CFCBB-6C2F-4ECA-AB2A-47F9C9A1DD42}.DebugLib|Win32.ActiveCfg = Debug|Win32
		{479CFCBB-6C2F-4ECA-AB2A-47F9C9A1DD42}.DebugLib|Win32.Build.0 = Debug|Win32
		{479CFCBB-6C2F-4ECA-AB2A-47F9C9A1DD42}.DebugMemLib|Any CPU.ActiveCfg = Debug|Win32
		{479CFCBB-6C2F-4ECA-AB2A-47F9C9A1DD42}.DebugMemLib|Mixed Platforms.ActiveCfg = Debug|Win32
		{479CFCBB-6C2F-4ECA-AB2A-47F9C9A1DD42}.DebugMemLib|Mixed Platforms.Build.0 = Debug|Win32
		{479CFCBB-6C2F-4ECA-AB2A-47F9C9A1DD42}.DebugMemLib|Win32.ActiveCfg = Debug|Win32
		{479CFCBB-6C2F-4ECA-AB2A-47F9C9A1DD42}.DebugMemLib|Win32.Build.0 = Debug|Win32
		{479CFCBB-6C2F-4ECA-AB2A-47F9C9A1DD42}.Release|Any CPU.ActiveCfg = Release|Win32
		{479CFCBB-6C2F-4ECA-AB2A-47F9C9A1DD42}.Release|Mixed Platforms.ActiveCfg = Release|Win32
		{479CFCBB-6C2F-4ECA-AB2A-47F9C9A1DD42}.Release|Mixed Platforms.Build.0 = Release|Win32
		{479CFCBB-6C2F-4ECA-AB2A-47F9C9A1DD42}.Release|Win32.ActiveCfg = Release|Win32
		{479CFCBB-6C2F-4ECA-AB2A-47F9C9A1DD42}.Release|Win32.Build.0 = Release|Win32
		{479CFCBB-6C2F-4ECA-AB2A-47F9C9A1DD42}.ReleaseLib|Any CPU.ActiveCfg = Release|Win32
		{479CFCBB-6C2F-4ECA-AB2A-47F9C9A1DD42}.ReleaseLib|Mixed Platforms.ActiveCfg = Release|Win32
		{479CFCBB-6C2F-4ECA-AB2A-47F9C9A1DD42}.ReleaseLib|Mixed Platforms.Build.0 = Release|Win32
		{479CFCBB-6C2F-4ECA-AB2A-47F9C9A1DD42}.ReleaseLib|Win32.ActiveCfg = Release|Win32
		{479CFCBB-6C2F-4ECA-AB2A-47F9C9A1DD42}.ReleaseLib|Win32.Build.0 = Release|Win32
		{479CFCBB-6C2F-4ECA-AB2A-47F9C9A1DD42}.ReleaseMemLib|Any CPU.ActiveCfg = Release|Win32
		{479CFCBB-6C2F-4ECA-AB2A-47F9C9A1DD42}.ReleaseMemLib|Mixed Platforms.ActiveCfg = Release|Win32
		{479CFCBB-6C2F-4ECA-AB2A-47F9C9A1DD42}.ReleaseMemLib|Mixed Platforms.Build.0 = Release|Win32
		{479CFCBB-6C2F-4ECA-AB2A-47F9C9A1DD42}.ReleaseMemLib|Win32.ActiveCfg = Release|Win32
		{479CFCBB-6C2F-4ECA-AB2A-47F9C9A1DD42}.ReleaseMemLib|Win32.Build.0 = Release|Win32
		{25C68E0D-36CB-4D53-A90D-6B32BAAC8838}.Debug|Any CPU.ActiveCfg = Debug|Win32
		{25C68E0D-36CB-4D53-A90D-6B32BAAC8838}.Debug|Mixed Platforms.ActiveCfg = Debug|Win32
		{25C68E0D-36CB-4D53-A90D-6B32BAAC8838}.Debug|Mixed Platforms.Build.0 = Debug|Win32
		{25C68E0D-36CB-4D53-A90D-6B32BAAC8838}.Debug|Win32.ActiveCfg = Debug|Win32
		{25C68E0D-36CB-4D53-A90D-6B32BAAC8838}.Debug|Win32.Build.0 = Debug|Win32
		{25C68E0D-36CB-4D53-A90D-6B32BAAC8838}.DebugLib|Any CPU.ActiveCfg = Debug|Win32
		{25C68E0D-36CB-4D53-A90D-6B32BAAC8838}.DebugLib|Mixed Platforms.ActiveCfg = Debug|Win32
		{25C68E0D-36CB-4D53-A90D-6B32BAAC8838}.DebugLib|Mixed Platforms.Build.0 = Debug|Win32
		{25C68E0D-36CB-4D53-A90D-6B32BAAC8838}.DebugLib|Win32.ActiveCfg = Debug|Win32
		{25C68E0D-36CB-4D53-A90D-6B32BAAC8838}.DebugLib|Win32.Build.0 = Debug|Win32
		{25C68E0D-36CB-4D53-A90D-6B32BAAC8838}.DebugMemLib|Any CPU.ActiveCfg = Debug|Win32
		{25C68E0D-36CB-4D53-A90D-6B32BAAC8838}.DebugMemLib|Mixed Platforms.ActiveCfg = Debug|Win32
		{25C68E0D-36CB-4D53-A90D-6B32BAAC8838}.DebugMemLib|Mixed Platforms.Build.0 = Debug|Win32
		{25C68E0D-36CB-4D53-A90D-6B32BAAC8838}.DebugMemLib|Win32.ActiveCfg = Debug|Win32
		{25C68E0D-36CB-4D53-A90D-6B32BAAC8838}.DebugMemLib|Win32.Build.0 = Debug|Win32
		{25C68E0D-36CB-4D53-A90D-6B32BAAC8838}.Release|Any CPU.ActiveCfg = Release|Win32
		{25C68E0D-36CB-4D53-A90D-6B32BAAC8838}.Release|Mixed Platforms.ActiveCfg = Release|Win32
		{25C68E0D-36CB-4D53-A90D-6B32BAAC8838}.Release|Mixed Platforms.Build.0 = Release|Win32
		{25C68E0D-36CB-4D53-A90D-6B32BAAC8838}.Release|Win32.ActiveCfg = Release|Win32
		{25C68E0D-36CB-4D53-A90D-6B32BAAC8838}.Release|Win32.Build.0 = Release|Win32
		{25C68E0D-36CB-4D53-A90D-6B32BAAC8838}.ReleaseLib|Any CPU.ActiveCfg = Release|Win32
		{25C68E0D-36CB-4D53-A90D-6B32BAAC8838}.ReleaseLib|Mixed Platforms.ActiveCfg = Release|Win32
		{25C68E0D-36CB-4D53-A90D-6B32BAAC8838}.ReleaseLib|Mixed Platforms.Build.0 = Release|Win32
		{25C68E0D-36CB-4D53-A90D-6B32BAAC8838}.ReleaseLib|Win32.ActiveCfg = Release|Win32
		{25C68E0D-36CB-4D53-A90D-6B32BAAC8838}.ReleaseLib|Win32.Build.0 = Release|Win32
		{25C68E0D-36CB-4D53-A90D-6B32BAAC8838}.ReleaseMemLib|Any CPU.ActiveCfg = Release|Win32
		{25C68E0D-36CB-4D53-A90D-6B32BAAC8838}.ReleaseMemLib|Mixed Platforms.ActiveCfg = Release|Win32
		{25C68E0D-36CB-4D53-A90D-6B32BAAC8838}.ReleaseMemLib|Mixed Platforms.Build.0 = Release|Win32
		{25C68E0D-36CB-4D53-A90D-6B32BAAC8838}.ReleaseMemLib|Win32.ActiveCfg = Release|Win32
		{25C68E0D-36CB-4D53-A90D-6B32BAAC8838}.ReleaseMemLib|Win32.Build.0 = Release|Win32
		{6E38F63C-2BD2-4C3F-999C-91AE5DF83D22}.Debug|Any CPU.ActiveCfg = DebugMemLib|Win32
		{6E38F63C-2BD2-4C3F-999C-91AE5DF83D22}.Debug|Mixed Platforms.ActiveCfg = DebugLib|Win32
		{6E38F63C-2BD2-4C3F-999C-91AE5DF83D22}.Debug|Mixed Platforms.Build.0 = DebugLib|Win32
		{6E38F63C-2BD2-4C3F-999C-91AE5DF83D22}.Debug|Win32.ActiveCfg = DebugMemLib|Win32
		{6E38F63C-2BD2-4C3F-999C-91AE5DF83D22}.Debug|Win32.Build.0 = DebugMemLib|Win32
		{6E38F63C-2BD2-4C3F-999C-91AE5DF83D22}.DebugLib|Any CPU.ActiveCfg = DebugLib|Win32
		{6E38F63C-2BD2-4C3F-999C-91AE5DF83D22}.DebugLib|Mixed Platforms.ActiveCfg = DebugLib|Win32
		{6E38F63C-2BD2-4C3F-999C-91AE5DF83D22}.DebugLib|Mixed Platforms.Build.0 = DebugLib|Win32
		{6E38F63C-2BD2-4C3F-999C-91AE5DF83D22}.DebugLib|Win32.ActiveCfg = DebugLib|Win32
		{6E38F63C-2BD2-4C3F-999C-91AE5DF83D22}.DebugLib|Win32.Build.0 = DebugLib|Win32
		{6E38F63C-2BD2-4C3F-999C-91AE5DF83D22}.DebugMemLib|Any CPU.ActiveCfg = DebugMemLib|Win32
		{6E38F63C-2BD2-4C3F-999C-91AE5DF83D22}.DebugMemLib|Mixed Platforms.ActiveCfg = DebugMemLib|Win32
		{6E38F63C-2BD2-4C3F-999C-91AE5DF83D22}.DebugMemLib|Mixed Platforms.Build.0 = DebugMemLib|Win32
		{6E38F63C-2BD2-4C3F-999C-91AE5DF83D22}.DebugMemLib|Win32.ActiveCfg = DebugMemLib|Win32
		{6E38F63C-2BD2-4C3F-999C-91AE5DF83D22}.DebugMemLib|Win32.Build.0 = DebugMemLib|Win32
		{6E38F63C-2BD2-4C3F-999C-91AE5DF83D22}.Release|Any CPU.ActiveCfg = ReleaseMemLib|Win32
		{6E38F63C-2BD2-4C3F-999C-91AE5DF83D22}.Release|Mixed Platforms.ActiveCfg = ReleaseLib|Win32
		{6E38F63C-2BD2-4C3F-999C-91AE5DF83D22}.Release|Mixed Platforms.Build.0 = ReleaseLib|Win32
		{6E38F63C-2BD2-4C3F-999C-91AE5DF83D22}.Release|Win32.ActiveCfg = ReleaseMemLib|Win32
		{6E38F63C-2BD2-4C3F-999C-91AE5DF83D22}.Release|Win32.Build.0 = ReleaseMemLib|Win32
		{6E38F63C-2BD2-4C3F-999C-91AE5DF83D22}.ReleaseLib|Any CPU.ActiveCfg = ReleaseLib|Win32
		{6E38F63C-2BD2-4C3F-999C-91AE5DF83D22}.ReleaseLib|Mixed Platforms.ActiveCfg = ReleaseLib|Win32
		{6E38F63C-2BD2-4C3F-999C-91AE5DF83D22}.ReleaseLib|Mixed Platforms.Build.0 = ReleaseLib|Win32
		{6E38F63C-2BD2-4C3F-999C-91AE5DF83D22}.ReleaseLib|Win32.ActiveCfg = ReleaseLib|Win32
		{6E38F63C-2BD2-4C3F-999C-91AE5DF83D22}.ReleaseLib|Win32.Build.0 = ReleaseLib|Win32
		{6E38F63C-2BD2-4C3F-999C-91AE5DF83D22}.ReleaseMemLib|Any CPU.ActiveCfg = ReleaseMemLib|Win32
		{6E38F63C-2BD2-4C3F-999C-91AE5DF83D22}.ReleaseMemLib|Mixed Platforms.ActiveCfg = ReleaseMemLib|Win32
		{6E38F63C-2BD2-4C3F-999C-91AE5DF83D22}.ReleaseMemLib|Mixed Platforms.Build.0 = ReleaseMemLib|Win32
		{6E38F63C-2BD2-4C3F-999C-91AE5DF83D22}.ReleaseMemLib|Win32.ActiveCfg = ReleaseMemLib|Win32
		{6E38F63C-2BD2-4C3F-999C-91AE5DF83D22}.ReleaseMemLib|Win32.Build.0 = ReleaseMemLib|Win32
		{5ED3C95F-C504-4A08-81BF-AB5D80E48B24}.Debug|Any CPU.ActiveCfg = DebugMemLib|Any CPU
		{5ED3C95F-C504-4A08-81BF-AB5D80E48B24}.Debug|Any CPU.Build.0 = DebugMemLib|Any CPU
		{5ED3C95F-C504-4A08-81BF-AB5D80E48B24}.Debug|Mixed Platforms.ActiveCfg = DebugLib|Any CPU
		{5ED3C95F-C504-4A08-81BF-AB5D80E48B24}.Debug|Mixed Platforms.Build.0 = DebugLib|Any CPU
		{5ED3C95F-C504-4A08-81BF-AB5D80E48B24}.Debug|Win32.ActiveCfg = DebugMemLib|Any CPU
		{5ED3C95F-C504-4A08-81BF-AB5D80E48B24}.DebugLib|Any CPU.ActiveCfg = DebugLib|Any CPU
		{5ED3C95F-C504-4A08-81BF-AB5D80E48B24}.DebugLib|Any CPU.Build.0 = DebugLib|Any CPU
		{5ED3C95F-C504-4A08-81BF-AB5D80E48B24}.DebugLib|Mixed Platforms.ActiveCfg = DebugLib|Any CPU
		{5ED3C95F-C504-4A08-81BF-AB5D80E48B24}.DebugLib|Mixed Platforms.Build.0 = DebugLib|Any CPU
		{5ED3C95F-C504-4A08-81BF-AB5D80E48B24}.DebugLib|Win32.ActiveCfg = DebugLib|Any CPU
		{5ED3C95F-C504-4A08-81BF-AB5D80E48B24}.DebugMemLib|Any CPU.ActiveCfg = DebugMemLib|Any CPU
		{5ED3C95F-C504-4A08-81BF-AB5D80E48B24}.DebugMemLib|Any CPU.Build.0 = DebugMemLib|Any CPU
		{5ED3C95F-C504-4A08-81BF-AB5D80E48B24}.DebugMemLib|Mixed Platforms.ActiveCfg = DebugMemLib|Any CPU
		{5ED3C95F-C504-4A08-81BF-AB5D80E48B24}.DebugMemLib|Mixed Platforms.Build.0 = DebugMemLib|Any CPU
		{5ED3C95F-C504-4A08-81BF-AB5D80E48B24}.DebugMemLib|Win32.ActiveCfg = DebugMemLib|Any CPU
		{5ED3C95F-C504-4A08-81BF-AB5D80E48B24}.Release|Any CPU.ActiveCfg = ReleaseMemLib|Any CPU
		{5ED3C95F-C504-4A08-81BF-AB5D80E48B24}.Release|Any CPU.Build.0 = ReleaseMemLib|Any CPU
		{5ED3C95F-C504-4A08-81BF-AB5D80E48B24}.Release|Mixed Platforms.ActiveCfg = ReleaseLib|Any CPU
		{5ED3C95F-C504-4A08-81BF-AB5D80E48B24}.Release|Mixed Platforms.Build.0 = ReleaseLib|Any CPU
		{5ED3C95F-C504-4A08-81BF-AB5D80E48B24}.Release|Win32.ActiveCfg = ReleaseMemLib|Any CPU
		{5ED3C95F-C504-4A08-81BF-AB5D80E48B24}.ReleaseLib|Any CPU.ActiveCfg = ReleaseLib|Any CPU
		{5ED3C95F-C504-4A08-81BF-AB5D80E48B24}.ReleaseLib|Any CPU.Build.0 = ReleaseLib|Any CPU
		{5ED3C95F-C504-4A08-81BF-AB5D80E48B24}.ReleaseLib|Mixed Platforms.ActiveCfg = ReleaseLib|Any CPU
		{5ED3C95F-C504-4A08-81BF-AB5D80E48B24}.ReleaseLib|Mixed Platforms.Build.0 = ReleaseLib|Any CPU
		{5ED3C95F-C504-4A08-81BF-AB5D80E48B24}.ReleaseLib|Win32.ActiveCfg = ReleaseLib|Any CPU
		{5ED3C95F-C504-4A08-81BF-AB5D80E48B24}.ReleaseMemLib|Any CPU.ActiveCfg = ReleaseMemLib|Any CPU
		{5ED3C95F-C504-4A08-81BF-AB5D80E48B24}.ReleaseMemLib|Any CPU.Build.0 = ReleaseMemLib|Any CPU
		{5ED3C95F-C504-4A08-81BF-AB5D80E48B24}.ReleaseMemLib|Mixed Platforms.ActiveCfg = ReleaseMemLib|Any CPU
		{5ED3C95F-C504-4A08-81BF-AB5D80E48B24}.ReleaseMemLib|Mixed Platforms.Build.0 = ReleaseMemLib|Any CPU
		{5ED3C95F-C504-4A08-81BF-AB5D80E48B24}.ReleaseMemLib|Win32.ActiveCfg = ReleaseMemLib|Any CPU
		{A444A1FE-7419-493E-A2C0-179A13E18D7A}.Debug|Any CPU.ActiveCfg = Debug|Any CPU
		{A444A1FE-7419-493E-A2C0-179A13E18D7A}.Debug|Any CPU.Build.0 = Debug|Any CPU
		{A444A1FE-7419-493E-A2C0-179A13E18D7A}.Debug|Mixed Platforms.ActiveCfg = Debug|Any CPU
		{A444A1FE-7419-493E-A2C0-179A13E18D7A}.Debug|Mixed Platforms.Build.0 = Debug|Any CPU
		{A444A1FE-7419-493E-A2C0-179A13E18D7A}.Debug|Win32.ActiveCfg = Debug|Any CPU
		{A444A1FE-7419-493E-A2C0-179A13E18D7A}.DebugLib|Any CPU.ActiveCfg = Debug|Any CPU
		{A444A1FE-7419-493E-A2C0-179A13E18D7A}.DebugLib|Any CPU.Build.0 = Debug|Any CPU
		{A444A1FE-7419-493E-A2C0-179A13E18D7A}.DebugLib|Mixed Platforms.ActiveCfg = Debug|Any CPU
		{A444A1FE-7419-493E-A2C0-179A13E18D7A}.DebugLib|Mixed Platforms.Build.0 = Debug|Any CPU
		{A444A1FE-7419-493E-A2C0-179A13E18D7A}.DebugLib|Win32.ActiveCfg = Debug|Any CPU
		{A444A1FE-7419-493E-A2C0-179A13E18D7A}.DebugMemLib|Any CPU.ActiveCfg = Debug|Any CPU
		{A444A1FE-7419-493E-A2C0-179A13E18D7A}.DebugMemLib|Any CPU.Build.0 = Debug|Any CPU
		{A444A1FE-7419-493E-A2C0-179A13E18D7A}.DebugMemLib|Mixed Platforms.ActiveCfg = Debug|Any CPU
		{A444A1FE-7419-493E-A2C0-179A13E18D7A}.DebugMemLib|Mixed Platforms.Build.0 = Debug|Any CPU
		{A444A1FE-7419-493E-A2C0-179A13E18D7A}.DebugMemLib|Win32.ActiveCfg = Debug|Any CPU
		{A444A1FE-7419-493E-A2C0-179A13E18D7A}.Release|Any CPU.ActiveCfg = Release|Any CPU
		{A444A1FE-7419-493E-A2C0-179A13E18D7A}.Release|Any CPU.Build.0 = Release|Any CPU
		{A444A1FE-7419-493E-A2C0-179A13E18D7A}.Release|Mixed Platforms.ActiveCfg = Release|Any CPU
		{A444A1FE-7419-493E-A2C0-179A13E18D7A}.Release|Mixed Platforms.Build.0 = Release|Any CPU
		{A444A1FE-7419-493E-A2C0-179A13E18D7A}.Release|Win32.ActiveCfg = Release|Any CPU
		{A444A1FE-7419-493E-A2C0-179A13E18D7A}.ReleaseLib|Any CPU.ActiveCfg = Release|Any CPU
		{A444A1FE-7419-493E-A2C0-179A13E18D7A}.ReleaseLib|Any CPU.Build.0 = Release|Any CPU
		{A444A1FE-7419-493E-A2C0-179A13E18D7A}.ReleaseLib|Mixed Platforms.ActiveCfg = Release|Any CPU
		{A444A1FE-7419-493E-A2C0-179A13E18D7A}.ReleaseLib|Mixed Platforms.Build.0 = Release|Any CPU
		{A444A1FE-7419-493E-A2C0-179A13E18D7A}.ReleaseLib|Win32.ActiveCfg = Release|Any CPU
		{A444A1FE-7419-493E-A2C0-179A13E18D7A}.ReleaseMemLib|Any CPU.ActiveCfg = Release|Any CPU
		{A444A1FE-7419-493E-A2C0-179A13E18D7A}.ReleaseMemLib|Any CPU.Build.0 = Release|Any CPU
		{A444A1FE-7419-493E-A2C0-179A13E18D7A}.ReleaseMemLib|Mixed Platforms.ActiveCfg = Release|Any CPU
		{A444A1FE-7419-493E-A2C0-179A13E18D7A}.ReleaseMemLib|Mixed Platforms.Build.0 = Release|Any CPU
		{A444A1FE-7419-493E-A2C0-179A13E18D7A}.ReleaseMemLib|Win32.ActiveCfg = Release|Any CPU
		{8C954A89-477F-4961-9EA9-5BFA06C53249}.Debug|Any CPU.ActiveCfg = Debug|Any CPU
		{8C954A89-477F-4961-9EA9-5BFA06C53249}.Debug|Any CPU.Build.0 = Debug|Any CPU
		{8C954A89-477F-4961-9EA9-5BFA06C53249}.Debug|Mixed Platforms.ActiveCfg = Debug|Any CPU
		{8C954A89-477F-4961-9EA9-5BFA06C53249}.Debug|Mixed Platforms.Build.0 = Debug|Any CPU
		{8C954A89-477F-4961-9EA9-5BFA06C53249}.Debug|Win32.ActiveCfg = Debug|Any CPU
		{8C954A89-477F-4961-9EA9-5BFA06C53249}.DebugLib|Any CPU.ActiveCfg = Debug|Any CPU
		{8C954A89-477F-4961-9EA9-5BFA06C53249}.DebugLib|Any CPU.Build.0 = Debug|Any CPU
		{8C954A89-477F-4961-9EA9-5BFA06C53249}.DebugLib|Mixed Platforms.ActiveCfg = Debug|Any CPU
		{8C954A89-477F-4961-9EA9-5BFA06C53249}.DebugLib|Mixed Platforms.Build.0 = Debug|Any CPU
		{8C954A89-477F-4961-9EA9-5BFA06C53249}.DebugLib|Win32.ActiveCfg = Debug|Any CPU
		{8C954A89-477F-4961-9EA9-5BFA06C53249}.DebugMemLib|Any CPU.ActiveCfg = Debug|Any CPU
		{8C954A89-477F-4961-9EA9-5BFA06C53249}.DebugMemLib|Any CPU.Build.0 = Debug|Any CPU
		{8C954A89-477F-4961-9EA9-5BFA06C53249}.DebugMemLib|Mixed Platforms.ActiveCfg = Debug|Any CPU
		{8C954A89-477F-4961-9EA9-5BFA06C53249}.DebugMemLib|Mixed Platforms.Build.0 = Debug|Any CPU
		{8C954A89-477F-4961-9EA9-5BFA06C53249}.DebugMemLib|Win32.ActiveCfg = Debug|Any CPU
		{8C954A89-477F-4961-9EA9-5BFA06C53249}.Release|Any CPU.ActiveCfg = Release|Any CPU
		{8C954A89-477F-4961-9EA9-5BFA06C53249}.Release|Any CPU.Build.0 = Release|Any CPU
		{8C954A89-477F-4961-9EA9-5BFA06C53249}.Release|Mixed Platforms.ActiveCfg = Release|Any CPU
		{8C954A89-477F-4961-9EA9-5BFA06C53249}.Release|Mixed Platforms.Build.0 = Release|Any CPU
		{8C954A89-477F-4961-9EA9-5BFA06C53249}.Release|Win32.ActiveCfg = Release|Any CPU
		{8C954A89-477F-4961-9EA9-5BFA06C53249}.ReleaseLib|Any CPU.ActiveCfg = Release|Any CPU
		{8C954A89-477F-4961-9EA9-5BFA06C53249}.ReleaseLib|Any CPU.Build.0 = Release|Any CPU
		{8C954A89-477F-4961-9EA9-5BFA06C53249}.ReleaseLib|Mixed Platforms.ActiveCfg = Release|Any CPU
		{8C954A89-477F-4961-9EA9-5BFA06C53249}.ReleaseLib|Mixed Platforms.Build.0 = Release|Any CPU
		{8C954A89-477F-4961-9EA9-5BFA06C53249}.ReleaseLib|Win32.ActiveCfg = Release|Any CPU
		{8C954A89-477F-4961-9EA9-5BFA06C53249}.ReleaseMemLib|Any CPU.ActiveCfg = Release|Any CPU
		{8C954A89-477F-4961-9EA9-5BFA06C53249}.ReleaseMemLib|Any CPU.Build.0 = Release|Any CPU
		{8C954A89-477F-4961-9EA9-5BFA06C53249}.ReleaseMemLib|Mixed Platforms.ActiveCfg = Release|Any CPU
		{8C954A89-477F-4961-9EA9-5BFA06C53249}.ReleaseMemLib|Mixed Platforms.Build.0 = Release|Any CPU
		{8C954A89-477F-4961-9EA9-5BFA06C53249}.ReleaseMemLib|Win32.ActiveCfg = Release|Any CPU
		{EB1B46CE-BDE8-432F-B1D7-427565986046}.Debug|Any CPU.ActiveCfg = Debug|Any CPU
		{EB1B46CE-BDE8-432F-B1D7-427565986046}.Debug|Any CPU.Build.0 = Debug|Any CPU
		{EB1B46CE-BDE8-432F-B1D7-427565986046}.Debug|Mixed Platforms.ActiveCfg = Debug|Any CPU
		{EB1B46CE-BDE8-432F-B1D7-427565986046}.Debug|Mixed Platforms.Build.0 = Debug|Any CPU
		{EB1B46CE-BDE8-432F-B1D7-427565986046}.Debug|Win32.ActiveCfg = Debug|Any CPU
		{EB1B46CE-BDE8-432F-B1D7-427565986046}.DebugLib|Any CPU.ActiveCfg = Debug|Any CPU
		{EB1B46CE-BDE8-432F-B1D7-427565986046}.DebugLib|Any CPU.Build.0 = Debug|Any CPU
		{EB1B46CE-BDE8-432F-B1D7-427565986046}.DebugLib|Mixed Platforms.ActiveCfg = Debug|Any CPU
		{EB1B46CE-BDE8-432F-B1D7-427565986046}.DebugLib|Mixed Platforms.Build.0 = Debug|Any CPU
		{EB1B46CE-BDE8-432F-B1D7-427565986046}.DebugLib|Win32.ActiveCfg = Debug|Any CPU
		{EB1B46CE-BDE8-432F-B1D7-427565986046}.DebugMemLib|Any CPU.ActiveCfg = Debug|Any CPU
		{EB1B46CE-BDE8-432F-B1D7-427565986046}.DebugMemLib|Any CPU.Build.0 = Debug|Any CPU
		{EB1B46CE-BDE8-432F-B1D7-427565986046}.DebugMemLib|Mixed Platforms.ActiveCfg = Debug|Any CPU
		{EB1B46CE-BDE8-432F-B1D7-427565986046}.DebugMemLib|Mixed Platforms.Build.0 = Debug|Any CPU
		{EB1B46CE-BDE8-432F-B1D7-427565986046}.DebugMemLib|Win32.ActiveCfg = Debug|Any CPU
		{EB1B46CE-BDE8-432F-B1D7-427565986046}.Release|Any CPU.ActiveCfg = Release|Any CPU
		{EB1B46CE-BDE8-432F-B1D7-427565986046}.Release|Any CPU.Build.0 = Release|Any CPU
		{EB1B46CE-BDE8-432F-B1D7-427565986046}.Release|Mixed Platforms.ActiveCfg = Release|Any CPU
		{EB1B46CE-BDE8-432F-B1D7-427565986046}.Release|Mixed Platforms.Build.0 = Release|Any CPU
		{EB1B46CE-BDE8-432F-B1D7-427565986046}.Release|Win32.ActiveCfg = Release|Any CPU
		{EB1B46CE-BDE8-432F-B1D7-427565986046}.ReleaseLib|Any CPU.ActiveCfg = Release|Any CPU
		{EB1B46CE-BDE8-432F-B1D7-427565986046}.ReleaseLib|Any CPU.Build.0 = Release|Any CPU
		{EB1B46CE-BDE8-432F-B1D7-427565986046}.ReleaseLib|Mixed Platforms.ActiveCfg = Release|Any CPU
		{EB1B46CE-BDE8-432F-B1D7-427565986046}.ReleaseLib|Mixed Platforms.Build.0 = Release|Any CPU
		{EB1B46CE-BDE8-432F-B1D7-427565986046}.ReleaseLib|Win32.ActiveCfg = Release|Any CPU
		{EB1B46CE-BDE8-432F-B1D7-427565986046}.ReleaseMemLib|Any CPU.ActiveCfg = Release|Any CPU
		{EB1B46CE-BDE8-432F-B1D7-427565986046}.ReleaseMemLib|Any CPU.Build.0 = Release|Any CPU
		{EB1B46CE-BDE8-432F-B1D7-427565986046}.ReleaseMemLib|Mixed Platforms.ActiveCfg = Release|Any CPU
		{EB1B46CE-BDE8-432F-B1D7-427565986046}.ReleaseMemLib|Mixed Platforms.Build.0 = Release|Any CPU
		{EB1B46CE-BDE8-432F-B1D7-427565986046}.ReleaseMemLib|Win32.ActiveCfg = Release|Any CPU
		{C7EC3239-C72D-464F-8E5B-4D93CDC8F7AD}.Debug|Any CPU.ActiveCfg = Debug|Any CPU
		{C7EC3239-C72D-464F-8E5B-4D93CDC8F7AD}.Debug|Any CPU.Build.0 = Debug|Any CPU
		{C7EC3239-C72D-464F-8E5B-4D93CDC8F7AD}.Debug|Mixed Platforms.ActiveCfg = Debug|Any CPU
		{C7EC3239-C72D-464F-8E5B-4D93CDC8F7AD}.Debug|Mixed Platforms.Build.0 = Debug|Any CPU
		{C7EC3239-C72D-464F-8E5B-4D93CDC8F7AD}.Debug|Win32.ActiveCfg = Debug|Any CPU
		{C7EC3239-C72D-464F-8E5B-4D93CDC8F7AD}.DebugLib|Any CPU.ActiveCfg = Debug|Any CPU
		{C7EC3239-C72D-464F-8E5B-4D93CDC8F7AD}.DebugLib|Any CPU.Build.0 = Debug|Any CPU
		{C7EC3239-C72D-464F-8E5B-4D93CDC8F7AD}.DebugLib|Mixed Platforms.ActiveCfg = Debug|Any CPU
		{C7EC3239-C72D-464F-8E5B-4D93CDC8F7AD}.DebugLib|Mixed Platforms.Build.0 = Debug|Any CPU
		{C7EC3239-C72D-464F-8E5B-4D93CDC8F7AD}.DebugLib|Win32.ActiveCfg = Debug|Any CPU
		{C7EC3239-C72D-464F-8E5B-4D93CDC8F7AD}.DebugMemLib|Any CPU.ActiveCfg = Debug|Any CPU
		{C7EC3239-C72D-464F-8E5B-4D93CDC8F7AD}.DebugMemLib|Any CPU.Build.0 = Debug|Any CPU
		{C7EC3239-C72D-464F-8E5B-4D93CDC8F7AD}.DebugMemLib|Mixed Platforms.ActiveCfg = Debug|Any CPU
		{C7EC3239-C72D-464F-8E5B-4D93CDC8F7AD}.DebugMemLib|Mixed Platforms.Build.0 = Debug|Any CPU
		{C7EC3239-C72D-464F-8E5B-4D93CDC8F7AD}.DebugMemLib|Win32.ActiveCfg = Debug|Any CPU
		{C7EC3239-C72D-464F-8E5B-4D93CDC8F7AD}.Release|Any CPU.ActiveCfg = Release|Any CPU
		{C7EC3239-C72D-464F-8E5B-4D93CDC8F7AD}.Release|Any CPU.Build.0 = Release|Any CPU
		{C7EC3239-C72D-464F-8E5B-4D93CDC8F7AD}.Release|Mixed Platforms.ActiveCfg = Release|Any CPU
		{C7EC3239-C72D-464F-8E5B-4D93CDC8F7AD}.Release|Mixed Platforms.Build.0 = Release|Any CPU
		{C7EC3239-C72D-464F-8E5B-4D93CDC8F7AD}.Release|Win32.ActiveCfg = Release|Any CPU
		{C7EC3239-C72D-464F-8E5B-4D93CDC8F7AD}.ReleaseLib|Any CPU.ActiveCfg = Release|Any CPU
		{C7EC3239-C72D-464F-8E5B-4D93CDC8F7AD}.ReleaseLib|Any CPU.Build.0 = Release|Any CPU
		{C7EC3239-C72D-464F-8E5B-4D93CDC8F7AD}.ReleaseLib|Mixed Platforms.ActiveCfg = Release|Any CPU
		{C7EC3239-C72D-464F-8E5B-4D93CDC8F7AD}.ReleaseLib|Mixed Platforms.Build.0 = Release|Any CPU
		{C7EC3239-C72D-464F-8E5B-4D93CDC8F7AD}.ReleaseLib|Win32.ActiveCfg = Release|Any CPU
		{C7EC3239-C72D-464F-8E5B-4D93CDC8F7AD}.ReleaseMemLib|Any CPU.ActiveCfg = Release|Any CPU
		{C7EC3239-C72D-464F-8E5B-4D93CDC8F7AD}.ReleaseMemLib|Any CPU.Build.0 = Release|Any CPU
		{C7EC3239-C72D-464F-8E5B-4D93CDC8F7AD}.ReleaseMemLib|Mixed Platforms.ActiveCfg = Release|Any CPU
		{C7EC3239-C72D-464F-8E5B-4D93CDC8F7AD}.ReleaseMemLib|Mixed Platforms.Build.0 = Release|Any CPU
		{C7EC3239-C72D-464F-8E5B-4D93CDC8F7AD}.ReleaseMemLib|Win32.ActiveCfg = Release|Any CPU
		{3438A84E-BBBC-47B9-B53D-DB801BF54D48}.Debug|Any CPU.ActiveCfg = Debug|Win32
		{3438A84E-BBBC-47B9-B53D-DB801BF54D48}.Debug|Mixed Platforms.ActiveCfg = Debug|Win32
		{3438A84E-BBBC-47B9-B53D-DB801BF54D48}.Debug|Mixed Platforms.Build.0 = Debug|Win32
		{3438A84E-BBBC-47B9-B53D-DB801BF54D48}.Debug|Win32.ActiveCfg = Debug|Win32
		{3438A84E-BBBC-47B9-B53D-DB801BF54D48}.Debug|Win32.Build.0 = Debug|Win32
		{3438A84E-BBBC-47B9-B53D-DB801BF54D48}.DebugLib|Any CPU.ActiveCfg = Debug|Win32
		{3438A84E-BBBC-47B9-B53D-DB801BF54D48}.DebugLib|Mixed Platforms.ActiveCfg = Debug|Win32
		{3438A84E-BBBC-47B9-B53D-DB801BF54D48}.DebugLib|Mixed Platforms.Build.0 = Debug|Win32
		{3438A84E-BBBC-47B9-B53D-DB801BF54D48}.DebugLib|Win32.ActiveCfg = Debug|Win32
		{3438A84E-BBBC-47B9-B53D-DB801BF54D48}.DebugLib|Win32.Build.0 = Debug|Win32
		{3438A84E-BBBC-47B9-B53D-DB801BF54D48}.DebugMemLib|Any CPU.ActiveCfg = Debug|Win32
		{3438A84E-BBBC-47B9-B53D-DB801BF54D48}.DebugMemLib|Mixed Platforms.ActiveCfg = Debug|Win32
		{3438A84E-BBBC-47B9-B53D-DB801BF54D48}.DebugMemLib|Mixed Platforms.Build.0 = Debug|Win32
		{3438A84E-BBBC-47B9-B53D-DB801BF54D48}.DebugMemLib|Win32.ActiveCfg = Debug|Win32
		{3438A84E-BBBC-47B9-B53D-DB801BF54D48}.DebugMemLib|Win32.Build.0 = Debug|Win32
		{3438A84E-BBBC-47B9-B53D-DB801BF54D48}.Release|Any CPU.ActiveCfg = Release|Win32
		{3438A84E-BBBC-47B9-B53D-DB801BF54D48}.Release|Mixed Platforms.ActiveCfg = Release|Win32
		{3438A84E-BBBC-47B9-B53D-DB801BF54D48}.Release|Mixed Platforms.Build.0 = Release|Win32
		{3438A84E-BBBC-47B9-B53D-DB801BF54D48}.Release|Win32.ActiveCfg = Release|Win32
		{3438A84E-BBBC-47B9-B53D-DB801BF54D48}.Release|Win32.Build.0 = Release|Win32
		{3438A84E-BBBC-47B9-B53D-DB801BF54D48}.ReleaseLib|Any CPU.ActiveCfg = Release|Win32
		{3438A84E-BBBC-47B9-B53D-DB801BF54D48}.ReleaseLib|Mixed Platforms.ActiveCfg = Release|Win32
		{3438A84E-BBBC-47B9-B53D-DB801BF54D48}.ReleaseLib|Mixed Platforms.Build.0 = Release|Win32
		{3438A84E-BBBC-47B9-B53D-DB801BF54D48}.ReleaseLib|Win32.ActiveCfg = Release|Win32
		{3438A84E-BBBC-47B9-B53D-DB801BF54D48}.ReleaseLib|Win32.Build.0 = Release|Win32
		{3438A84E-BBBC-47B9-B53D-DB801BF54D48}.ReleaseMemLib|Any CPU.ActiveCfg = Release|Win32
		{3438A84E-BBBC-47B9-B53D-DB801BF54D48}.ReleaseMemLib|Mixed Platforms.ActiveCfg = Release|Win32
		{3438A84E-BBBC-47B9-B53D-DB801BF54D48}.ReleaseMemLib|Mixed Platforms.Build.0 = Release|Win32
		{3438A84E-BBBC-47B9-B53D-DB801BF54D48}.ReleaseMemLib|Win32.ActiveCfg = Release|Win32
		{3438A84E-BBBC-47B9-B53D-DB801BF54D48}.ReleaseMemLib|Win32.Build.0 = Release|Win32
	EndGlobalSection
	GlobalSection(SolutionProperties) = preSolution
		HideSolutionNode = FALSE
	EndGlobalSection
EndGlobal
